{
  "pins" : [
    {
      "identity" : "alamofire",
      "kind" : "remoteSourceControl",
      "location" : "https://github.com/Alamofire/Alamofire.git",
      "state" : {
        "branch" : "master",
        "revision" : "51d67100121d586c9d15ec0227de96442af4dd6d"
      }
    },
    {
      "identity" : "chartview",
      "kind" : "remoteSourceControl",
      "location" : "https://github.com/AppPear/ChartView",
      "state" : {
        "revision" : "9115a992c91fa19cbb4f2241084240d38654a1fc",
        "version" : "1.5.5"
      }
    },
    {
      "identity" : "localconsole",
      "kind" : "remoteSourceControl",
      "location" : "https://github.com/duraidabdul/LocalConsole/",
      "state" : {
        "branch" : "main",
        "revision" : "80e0aa6168d55407c87e403931957d4eaea41f8a"
      }
    },
    {
      "identity" : "realm-core",
      "kind" : "remoteSourceControl",
      "location" : "https://github.com/realm/realm-core.git",
      "state" : {
        "revision" : "c569bec4d04da84030d94f376437bc4efda3686b",
        "version" : "13.23.1"
      }
    },
    {
      "identity" : "realm-swift",
      "kind" : "remoteSourceControl",
      "location" : "https://github.com/realm/realm-swift.git",
      "state" : {
        "branch" : "master",
        "revision" : "95cb711d60801e82542b866d16d75608c40d7b2e"
      }
    },
    {
      "identity" : "rive-ios",
      "kind" : "remoteSourceControl",
      "location" : "https://github.com/rive-app/rive-ios",
      "state" : {
        "revision" : "6f2ca664bee8519a91d8f3779057eba2bb684d78",
        "version" : "3.0.5"
      }
    },
    {
      "identity" : "swiftdate",
      "kind" : "remoteSourceControl",
      "location" : "https://github.com/malcommac/SwiftDate.git",
      "state" : {
        "branch" : "master",
        "revision" : "6190d0cefff3013e77ed567e6b074f324e5c5bf5"
      }
    },
    {
      "identity" : "swiftlocationwheading",
      "kind" : "remoteSourceControl",
      "location" : "https://github.com/derech1e/SwiftLocationWHeading",
      "state" : {
        "branch" : "main",
        "revision" : "54458884e8c232fee9144de9fea50a52344282fa"
      }
    },
    {
      "identity" : "swiftui-extensions",
      "kind" : "remoteSourceControl",
      "location" : "https://github.com/derech1e/SwiftUI-Extensions.git",
      "state" : {
        "branch" : "main",
        "revision" : "30a34ff7502e03897a8d6fbf9219de5b9748a7cb"
      }
    },
    {
      "identity" : "swiftui-introspect",
      "kind" : "remoteSourceControl",
      "location" : "https://github.com/siteline/SwiftUI-Introspect.git",
      "state" : {
        "revision" : "b9f6bc32772d61cc76ec4b206df0840a3b7c96f4",
        "version" : "0.3.0"
      }
    },
    {
      "identity" : "swifuicollectionview",
      "kind" : "remoteSourceControl",
      "location" : "https://github.com/michzio/SwifUICollectionView",
      "state" : {
        "revision" : "d36c34de8d12e172c54fbd7ab0021b47d919381b",
        "version" : "0.1.0"
      }
    }
  ],
  "version" : 2
}
