// !$*UTF8*$!
{
	archiveVersion = 1;
	classes = {
	};
	objectVersion = 52;
	objects = {

/* Begin PBXBuildFile section */
		E900E5EA27BC2DBF009EEFD5 /* LocalConsole in Frameworks */ = {isa = PBXBuildFile; productRef = E900E5E927BC2DBF009EEFD5 /* LocalConsole */; };
		E900E5EC27BC2E5D009EEFD5 /* Console.swift in Sources */ = {isa = PBXBuildFile; fileRef = E900E5EB27BC2E5D009EEFD5 /* Console.swift */; };
		E907B99F27DE36BD0082FB9B /* Alamofire in Frameworks */ = {isa = PBXBuildFile; productRef = E907B99E27DE36BD0082FB9B /* Alamofire */; };
		E907B9A127DE3A370082FB9B /* Interceptor.swift in Sources */ = {isa = PBXBuildFile; fileRef = E907B9A027DE3A370082FB9B /* Interceptor.swift */; };
		E90B2472276E90C500B185EF /* FloatingTextEditor.swift in Sources */ = {isa = PBXBuildFile; fileRef = E90B2471276E90C500B185EF /* FloatingTextEditor.swift */; };
		E90B2474276E9C6A00B185EF /* StringExtension.swift in Sources */ = {isa = PBXBuildFile; fileRef = E90B2473276E9C6A00B185EF /* StringExtension.swift */; };
		E90BDEAB27C1711500E642F0 /* RefuelViewModel.swift in Sources */ = {isa = PBXBuildFile; fileRef = E90BDEAA27C1711500E642F0 /* RefuelViewModel.swift */; };
		E90BDEAD27C17A4400E642F0 /* PatrolStationModel.swift in Sources */ = {isa = PBXBuildFile; fileRef = E90BDEAC27C17A4400E642F0 /* PatrolStationModel.swift */; };
		E90C2AC1276DB175005C1281 /* LoadingView.swift in Sources */ = {isa = PBXBuildFile; fileRef = E90C2AC0276DB175005C1281 /* LoadingView.swift */; };
		E91978FC27899B720002598A /* ShapeUtils.swift in Sources */ = {isa = PBXBuildFile; fileRef = E91978FB27899B720002598A /* ShapeUtils.swift */; };
		E91B384227C6C8A100256BF0 /* DownloadService.swift in Sources */ = {isa = PBXBuildFile; fileRef = E91B384127C6C8A100256BF0 /* DownloadService.swift */; };
		E9393ED82761330E00CB136F /* LogbookValidationModel.swift in Sources */ = {isa = PBXBuildFile; fileRef = E9393ED72761330E00CB136F /* LogbookValidationModel.swift */; };
		E9393EDA27614B3E00CB136F /* FloatingNumberField.swift in Sources */ = {isa = PBXBuildFile; fileRef = E9393ED927614B3E00CB136F /* FloatingNumberField.swift */; };
		E940ED0E27E0CFDC00B2EAA7 /* SettingsView.swift in Sources */ = {isa = PBXBuildFile; fileRef = E940ED0D27E0CFDC00B2EAA7 /* SettingsView.swift */; };
		E940ED1127E0D3C700B2EAA7 /* SettingsRowView.swift in Sources */ = {isa = PBXBuildFile; fileRef = E940ED1027E0D3C700B2EAA7 /* SettingsRowView.swift */; };
		E941CD8D28144D4700C5147D /* InvoiceCreateView.swift in Sources */ = {isa = PBXBuildFile; fileRef = E941CD8C28144D4700C5147D /* InvoiceCreateView.swift */; };
		E941CD8F2814548D00C5147D /* NavigationUtil.swift in Sources */ = {isa = PBXBuildFile; fileRef = E941CD8E2814548D00C5147D /* NavigationUtil.swift */; };
		E9472594276BAF83006E6944 /* Launch Screen.storyboard in Resources */ = {isa = PBXBuildFile; fileRef = E9472593276BAF83006E6944 /* Launch Screen.storyboard */; };
		E9472599276BBDA8006E6944 /* LogbookModel.swift in Sources */ = {isa = PBXBuildFile; fileRef = E9472598276BBDA8006E6944 /* LogbookModel.swift */; };
		E947259E276BC008006E6944 /* ApiService.swift in Sources */ = {isa = PBXBuildFile; fileRef = E947259D276BC008006E6944 /* ApiService.swift */; };
		E94725A5276BC15B006E6944 /* JsonDecoderExtension.swift in Sources */ = {isa = PBXBuildFile; fileRef = E94725A4276BC15B006E6944 /* JsonDecoderExtension.swift */; };
		E94725AB276BC1BF006E6944 /* DateFormatterExtension.swift in Sources */ = {isa = PBXBuildFile; fileRef = E94725AA276BC1BF006E6944 /* DateFormatterExtension.swift */; };
		E94725AD276BC342006E6944 /* AddViewModel.swift in Sources */ = {isa = PBXBuildFile; fileRef = E94725AC276BC341006E6944 /* AddViewModel.swift */; };
		E95BBA4C27C15217006F2EA9 /* RefuelView.swift in Sources */ = {isa = PBXBuildFile; fileRef = E95BBA4B27C15217006F2EA9 /* RefuelView.swift */; };
		E95C4F73278620D4009643B4 /* ListView.swift in Sources */ = {isa = PBXBuildFile; fileRef = E95C4F72278620D4009643B4 /* ListView.swift */; };
		E95C4F75278622C9009643B4 /* ListViewModel.swift in Sources */ = {isa = PBXBuildFile; fileRef = E95C4F74278622C9009643B4 /* ListViewModel.swift */; };
		E95C4F77278623C2009643B4 /* DetailView.swift in Sources */ = {isa = PBXBuildFile; fileRef = E95C4F76278623C2009643B4 /* DetailView.swift */; };
		E95C4F7927862ECA009643B4 /* DetailViewModel.swift in Sources */ = {isa = PBXBuildFile; fileRef = E95C4F7827862ECA009643B4 /* DetailViewModel.swift */; };
		E960463C27EA65CF001D0C3B /* Reachability.swift in Sources */ = {isa = PBXBuildFile; fileRef = E960463B27EA65CF001D0C3B /* Reachability.swift */; };
		E96170DA27AECDF7004CA43C /* LocationService.swift in Sources */ = {isa = PBXBuildFile; fileRef = E96170D927AECDF7004CA43C /* LocationService.swift */; };
		E96170E027AEEAE4004CA43C /* NotificationService.swift in Sources */ = {isa = PBXBuildFile; fileRef = E96170DF27AEEAE4004CA43C /* NotificationService.swift */; };
		E96170E227AEECB2004CA43C /* NotificationModel.swift in Sources */ = {isa = PBXBuildFile; fileRef = E96170E127AEECB2004CA43C /* NotificationModel.swift */; };
		E963FC37276655C000FFBD00 /* TransitionExtension.swift in Sources */ = {isa = PBXBuildFile; fileRef = E963FC36276655C000FFBD00 /* TransitionExtension.swift */; };
		E963FC39276660A800FFBD00 /* Car_load.gif in Resources */ = {isa = PBXBuildFile; fileRef = E963FC38276660A800FFBD00 /* Car_load.gif */; };
		E96CC04427E9047000C054FE /* PermissionsSwiftUILocationAlways in Frameworks */ = {isa = PBXBuildFile; productRef = E96CC04327E9047000C054FE /* PermissionsSwiftUILocationAlways */; };
		E96CC04627E9047000C054FE /* PermissionsSwiftUINotification in Frameworks */ = {isa = PBXBuildFile; productRef = E96CC04527E9047000C054FE /* PermissionsSwiftUINotification */; };
		E970ADC127C82B6B000149D1 /* ShareSheet.swift in Sources */ = {isa = PBXBuildFile; fileRef = E970ADC027C82B6B000149D1 /* ShareSheet.swift */; };
		E970ADC427C835BF000149D1 /* ExportSelectionRowView.swift in Sources */ = {isa = PBXBuildFile; fileRef = E970ADC327C835BF000149D1 /* ExportSelectionRowView.swift */; };
		E970ADC727C836DD000149D1 /* ExportView.swift in Sources */ = {isa = PBXBuildFile; fileRef = E970ADC627C836DD000149D1 /* ExportView.swift */; };
		E970ADC927C8F07C000149D1 /* ExportViewModel.swift in Sources */ = {isa = PBXBuildFile; fileRef = E970ADC827C8F07C000149D1 /* ExportViewModel.swift */; };
		E98342402757B85800E1C314 /* LogbookApp.swift in Sources */ = {isa = PBXBuildFile; fileRef = E983423F2757B85800E1C314 /* LogbookApp.swift */; };
		E98342422757B85800E1C314 /* ContentView.swift in Sources */ = {isa = PBXBuildFile; fileRef = E98342412757B85800E1C314 /* ContentView.swift */; };
		E98342442757B85A00E1C314 /* Assets.xcassets in Resources */ = {isa = PBXBuildFile; fileRef = E98342432757B85A00E1C314 /* Assets.xcassets */; };
		E98342472757B85A00E1C314 /* Preview Assets.xcassets in Resources */ = {isa = PBXBuildFile; fileRef = E98342462757B85A00E1C314 /* Preview Assets.xcassets */; };
		E9881B9B27650DC200BE53CC /* SDWebImageSwiftUI in Frameworks */ = {isa = PBXBuildFile; productRef = E9881B9A27650DC200BE53CC /* SDWebImageSwiftUI */; };
		E98A0C4C27E73A190038D133 /* Preferences.swift in Sources */ = {isa = PBXBuildFile; fileRef = E98A0C4B27E73A190038D133 /* Preferences.swift */; };
		E98A0C5E27E7637C0038D133 /* ListRowView.swift in Sources */ = {isa = PBXBuildFile; fileRef = E98A0C5D27E7637C0038D133 /* ListRowView.swift */; };
		E98C59C32787812C0020381B /* AddView.swift in Sources */ = {isa = PBXBuildFile; fileRef = E98C59C22787812C0020381B /* AddView.swift */; };
		E98E868A27C24CA9004F4714 /* CoreDataModel.xcdatamodeld in Sources */ = {isa = PBXBuildFile; fileRef = E98E868827C24CA9004F4714 /* CoreDataModel.xcdatamodeld */; };
		E98E868C27C24DD6004F4714 /* CoreDataService.swift in Sources */ = {isa = PBXBuildFile; fileRef = E98E868B27C24DD6004F4714 /* CoreDataService.swift */; };
		E9A66A9C27E24A89004033F5 /* TrackingView.swift in Sources */ = {isa = PBXBuildFile; fileRef = E9A66A9B27E24A89004033F5 /* TrackingView.swift */; };
		E9A66A9F27E27335004033F5 /* RefuelRowView.swift in Sources */ = {isa = PBXBuildFile; fileRef = E9A66A9E27E27335004033F5 /* RefuelRowView.swift */; };
		E9A7684C276FADDA0043551A /* SPAlert in Frameworks */ = {isa = PBXBuildFile; productRef = E9A7684B276FADDA0043551A /* SPAlert */; };
		E9B5A81A27A32B9C007CA4F7 /* KeyboardAvoider in Frameworks */ = {isa = PBXBuildFile; productRef = E9B5A81927A32B9C007CA4F7 /* KeyboardAvoider */; };
		E9C3A57727CA59BE0021EDD8 /* CustomProgressView.swift in Sources */ = {isa = PBXBuildFile; fileRef = E9C3A57627CA59BE0021EDD8 /* CustomProgressView.swift */; };
		E9D18361276F3B95001A764E /* AlertKit in Frameworks */ = {isa = PBXBuildFile; productRef = E9D18360276F3B95001A764E /* AlertKit */; };
		E9D4E6F42758FEBB003F36DA /* FloatingTextField.swift in Sources */ = {isa = PBXBuildFile; fileRef = E9D4E6F32758FEBB003F36DA /* FloatingTextField.swift */; };
		E9D4E6FD27590483003F36DA /* NumberUtils.swift in Sources */ = {isa = PBXBuildFile; fileRef = E9D4E6FC27590483003F36DA /* NumberUtils.swift */; };
		E9D9B62A2812D78400DB2ED2 /* TabBar.swift in Sources */ = {isa = PBXBuildFile; fileRef = E9D9B6292812D78400DB2ED2 /* TabBar.swift */; };
		E9D9B62D2812D89700DB2ED2 /* InvoiceView.swift in Sources */ = {isa = PBXBuildFile; fileRef = E9D9B62C2812D89700DB2ED2 /* InvoiceView.swift */; };
		E9D9B62F2812D9CF00DB2ED2 /* InvoiceViewModel.swift in Sources */ = {isa = PBXBuildFile; fileRef = E9D9B62E2812D9CE00DB2ED2 /* InvoiceViewModel.swift */; };
		E9D9B6312812E24600DB2ED2 /* InvoiceDetailView.swift in Sources */ = {isa = PBXBuildFile; fileRef = E9D9B6302812E24600DB2ED2 /* InvoiceDetailView.swift */; };
		E9D9B6332812E3ED00DB2ED2 /* InvoiceModel.swift in Sources */ = {isa = PBXBuildFile; fileRef = E9D9B6322812E3ED00DB2ED2 /* InvoiceModel.swift */; };
		E9EA10C828141ADE000B2DB9 /* InvoiceDetailSectionComponent.swift in Sources */ = {isa = PBXBuildFile; fileRef = E9EA10C728141ADE000B2DB9 /* InvoiceDetailSectionComponent.swift */; };
/* End PBXBuildFile section */

/* Begin PBXFileReference section */
		E900E5EB27BC2E5D009EEFD5 /* Console.swift */ = {isa = PBXFileReference; lastKnownFileType = sourcecode.swift; path = Console.swift; sourceTree = "<group>"; };
		E907B9A027DE3A370082FB9B /* Interceptor.swift */ = {isa = PBXFileReference; lastKnownFileType = sourcecode.swift; path = Interceptor.swift; sourceTree = "<group>"; };
		E90B2471276E90C500B185EF /* FloatingTextEditor.swift */ = {isa = PBXFileReference; lastKnownFileType = sourcecode.swift; path = FloatingTextEditor.swift; sourceTree = "<group>"; };
		E90B2473276E9C6A00B185EF /* StringExtension.swift */ = {isa = PBXFileReference; lastKnownFileType = sourcecode.swift; path = StringExtension.swift; sourceTree = "<group>"; };
		E90BDEAA27C1711500E642F0 /* RefuelViewModel.swift */ = {isa = PBXFileReference; lastKnownFileType = sourcecode.swift; path = RefuelViewModel.swift; sourceTree = "<group>"; };
		E90BDEAC27C17A4400E642F0 /* PatrolStationModel.swift */ = {isa = PBXFileReference; lastKnownFileType = sourcecode.swift; path = PatrolStationModel.swift; sourceTree = "<group>"; };
		E90C2AC0276DB175005C1281 /* LoadingView.swift */ = {isa = PBXFileReference; lastKnownFileType = sourcecode.swift; path = LoadingView.swift; sourceTree = "<group>"; };
		E91978FB27899B720002598A /* ShapeUtils.swift */ = {isa = PBXFileReference; lastKnownFileType = sourcecode.swift; path = ShapeUtils.swift; sourceTree = "<group>"; };
		E91B384127C6C8A100256BF0 /* DownloadService.swift */ = {isa = PBXFileReference; lastKnownFileType = sourcecode.swift; path = DownloadService.swift; sourceTree = "<group>"; };
		E9393ED72761330E00CB136F /* LogbookValidationModel.swift */ = {isa = PBXFileReference; lastKnownFileType = sourcecode.swift; path = LogbookValidationModel.swift; sourceTree = "<group>"; };
		E9393ED927614B3E00CB136F /* FloatingNumberField.swift */ = {isa = PBXFileReference; lastKnownFileType = sourcecode.swift; path = FloatingNumberField.swift; sourceTree = "<group>"; };
		E940ED0D27E0CFDC00B2EAA7 /* SettingsView.swift */ = {isa = PBXFileReference; lastKnownFileType = sourcecode.swift; path = SettingsView.swift; sourceTree = "<group>"; };
		E940ED1027E0D3C700B2EAA7 /* SettingsRowView.swift */ = {isa = PBXFileReference; lastKnownFileType = sourcecode.swift; path = SettingsRowView.swift; sourceTree = "<group>"; };
		E941CD8C28144D4700C5147D /* InvoiceCreateView.swift */ = {isa = PBXFileReference; lastKnownFileType = sourcecode.swift; path = InvoiceCreateView.swift; sourceTree = "<group>"; };
		E941CD8E2814548D00C5147D /* NavigationUtil.swift */ = {isa = PBXFileReference; lastKnownFileType = sourcecode.swift; path = NavigationUtil.swift; sourceTree = "<group>"; };
		E9472593276BAF83006E6944 /* Launch Screen.storyboard */ = {isa = PBXFileReference; lastKnownFileType = file.storyboard; path = "Launch Screen.storyboard"; sourceTree = "<group>"; };
		E9472598276BBDA8006E6944 /* LogbookModel.swift */ = {isa = PBXFileReference; lastKnownFileType = sourcecode.swift; path = LogbookModel.swift; sourceTree = "<group>"; };
		E947259D276BC008006E6944 /* ApiService.swift */ = {isa = PBXFileReference; lastKnownFileType = sourcecode.swift; path = ApiService.swift; sourceTree = "<group>"; };
		E94725A4276BC15B006E6944 /* JsonDecoderExtension.swift */ = {isa = PBXFileReference; lastKnownFileType = sourcecode.swift; path = JsonDecoderExtension.swift; sourceTree = "<group>"; };
		E94725AA276BC1BF006E6944 /* DateFormatterExtension.swift */ = {isa = PBXFileReference; lastKnownFileType = sourcecode.swift; path = DateFormatterExtension.swift; sourceTree = "<group>"; };
		E94725AC276BC341006E6944 /* AddViewModel.swift */ = {isa = PBXFileReference; lastKnownFileType = sourcecode.swift; path = AddViewModel.swift; sourceTree = "<group>"; };
		E95BBA4B27C15217006F2EA9 /* RefuelView.swift */ = {isa = PBXFileReference; lastKnownFileType = sourcecode.swift; path = RefuelView.swift; sourceTree = "<group>"; };
		E95C4F72278620D4009643B4 /* ListView.swift */ = {isa = PBXFileReference; lastKnownFileType = sourcecode.swift; path = ListView.swift; sourceTree = "<group>"; };
		E95C4F74278622C9009643B4 /* ListViewModel.swift */ = {isa = PBXFileReference; lastKnownFileType = sourcecode.swift; path = ListViewModel.swift; sourceTree = "<group>"; };
		E95C4F76278623C2009643B4 /* DetailView.swift */ = {isa = PBXFileReference; lastKnownFileType = sourcecode.swift; path = DetailView.swift; sourceTree = "<group>"; };
		E95C4F7827862ECA009643B4 /* DetailViewModel.swift */ = {isa = PBXFileReference; lastKnownFileType = sourcecode.swift; path = DetailViewModel.swift; sourceTree = "<group>"; };
		E960463B27EA65CF001D0C3B /* Reachability.swift */ = {isa = PBXFileReference; lastKnownFileType = sourcecode.swift; path = Reachability.swift; sourceTree = "<group>"; };
		E96170D927AECDF7004CA43C /* LocationService.swift */ = {isa = PBXFileReference; lastKnownFileType = sourcecode.swift; path = LocationService.swift; sourceTree = "<group>"; };
		E96170DF27AEEAE4004CA43C /* NotificationService.swift */ = {isa = PBXFileReference; lastKnownFileType = sourcecode.swift; path = NotificationService.swift; sourceTree = "<group>"; };
		E96170E127AEECB2004CA43C /* NotificationModel.swift */ = {isa = PBXFileReference; lastKnownFileType = sourcecode.swift; path = NotificationModel.swift; sourceTree = "<group>"; };
		E963FC36276655C000FFBD00 /* TransitionExtension.swift */ = {isa = PBXFileReference; lastKnownFileType = sourcecode.swift; path = TransitionExtension.swift; sourceTree = "<group>"; };
		E963FC38276660A800FFBD00 /* Car_load.gif */ = {isa = PBXFileReference; lastKnownFileType = image.gif; path = Car_load.gif; sourceTree = "<group>"; };
		E970ADC027C82B6B000149D1 /* ShareSheet.swift */ = {isa = PBXFileReference; lastKnownFileType = sourcecode.swift; path = ShareSheet.swift; sourceTree = "<group>"; };
		E970ADC227C82E6B000149D1 /* Logbook.entitlements */ = {isa = PBXFileReference; lastKnownFileType = text.plist.entitlements; path = Logbook.entitlements; sourceTree = "<group>"; };
		E970ADC327C835BF000149D1 /* ExportSelectionRowView.swift */ = {isa = PBXFileReference; lastKnownFileType = sourcecode.swift; path = ExportSelectionRowView.swift; sourceTree = "<group>"; };
		E970ADC627C836DD000149D1 /* ExportView.swift */ = {isa = PBXFileReference; lastKnownFileType = sourcecode.swift; path = ExportView.swift; sourceTree = "<group>"; };
		E970ADC827C8F07C000149D1 /* ExportViewModel.swift */ = {isa = PBXFileReference; lastKnownFileType = sourcecode.swift; path = ExportViewModel.swift; sourceTree = "<group>"; };
		E983423C2757B85800E1C314 /* Logbook.app */ = {isa = PBXFileReference; explicitFileType = wrapper.application; includeInIndex = 0; path = Logbook.app; sourceTree = BUILT_PRODUCTS_DIR; };
		E983423F2757B85800E1C314 /* LogbookApp.swift */ = {isa = PBXFileReference; lastKnownFileType = sourcecode.swift; path = LogbookApp.swift; sourceTree = "<group>"; };
		E98342412757B85800E1C314 /* ContentView.swift */ = {isa = PBXFileReference; lastKnownFileType = sourcecode.swift; path = ContentView.swift; sourceTree = "<group>"; };
		E98342432757B85A00E1C314 /* Assets.xcassets */ = {isa = PBXFileReference; lastKnownFileType = folder.assetcatalog; path = Assets.xcassets; sourceTree = "<group>"; };
		E98342462757B85A00E1C314 /* Preview Assets.xcassets */ = {isa = PBXFileReference; lastKnownFileType = folder.assetcatalog; path = "Preview Assets.xcassets"; sourceTree = "<group>"; };
		E983424D2757B85A00E1C314 /* Info.plist */ = {isa = PBXFileReference; lastKnownFileType = text.plist.xml; path = Info.plist; sourceTree = "<group>"; };
		E98A0C4B27E73A190038D133 /* Preferences.swift */ = {isa = PBXFileReference; lastKnownFileType = sourcecode.swift; path = Preferences.swift; sourceTree = "<group>"; };
		E98A0C5D27E7637C0038D133 /* ListRowView.swift */ = {isa = PBXFileReference; lastKnownFileType = sourcecode.swift; path = ListRowView.swift; sourceTree = "<group>"; };
		E98C59C22787812C0020381B /* AddView.swift */ = {isa = PBXFileReference; lastKnownFileType = sourcecode.swift; path = AddView.swift; sourceTree = "<group>"; };
		E98E868927C24CA9004F4714 /* CoreDataModel.xcdatamodel */ = {isa = PBXFileReference; lastKnownFileType = wrapper.xcdatamodel; path = CoreDataModel.xcdatamodel; sourceTree = "<group>"; };
		E98E868B27C24DD6004F4714 /* CoreDataService.swift */ = {isa = PBXFileReference; lastKnownFileType = sourcecode.swift; path = CoreDataService.swift; sourceTree = "<group>"; };
		E9A66A9B27E24A89004033F5 /* TrackingView.swift */ = {isa = PBXFileReference; lastKnownFileType = sourcecode.swift; path = TrackingView.swift; sourceTree = "<group>"; };
		E9A66A9E27E27335004033F5 /* RefuelRowView.swift */ = {isa = PBXFileReference; lastKnownFileType = sourcecode.swift; path = RefuelRowView.swift; sourceTree = "<group>"; };
		E9C3A57627CA59BE0021EDD8 /* CustomProgressView.swift */ = {isa = PBXFileReference; lastKnownFileType = sourcecode.swift; path = CustomProgressView.swift; sourceTree = "<group>"; };
		E9D4E6F32758FEBB003F36DA /* FloatingTextField.swift */ = {isa = PBXFileReference; lastKnownFileType = sourcecode.swift; path = FloatingTextField.swift; sourceTree = "<group>"; };
		E9D4E6FC27590483003F36DA /* NumberUtils.swift */ = {isa = PBXFileReference; lastKnownFileType = sourcecode.swift; path = NumberUtils.swift; sourceTree = "<group>"; };
		E9D9B6292812D78400DB2ED2 /* TabBar.swift */ = {isa = PBXFileReference; lastKnownFileType = sourcecode.swift; path = TabBar.swift; sourceTree = "<group>"; };
		E9D9B62C2812D89700DB2ED2 /* InvoiceView.swift */ = {isa = PBXFileReference; lastKnownFileType = sourcecode.swift; path = InvoiceView.swift; sourceTree = "<group>"; };
		E9D9B62E2812D9CE00DB2ED2 /* InvoiceViewModel.swift */ = {isa = PBXFileReference; lastKnownFileType = sourcecode.swift; path = InvoiceViewModel.swift; sourceTree = "<group>"; };
		E9D9B6302812E24600DB2ED2 /* InvoiceDetailView.swift */ = {isa = PBXFileReference; lastKnownFileType = sourcecode.swift; path = InvoiceDetailView.swift; sourceTree = "<group>"; };
		E9D9B6322812E3ED00DB2ED2 /* InvoiceModel.swift */ = {isa = PBXFileReference; lastKnownFileType = sourcecode.swift; path = InvoiceModel.swift; sourceTree = "<group>"; };
		E9EA10C728141ADE000B2DB9 /* InvoiceDetailSectionComponent.swift */ = {isa = PBXFileReference; lastKnownFileType = sourcecode.swift; path = InvoiceDetailSectionComponent.swift; sourceTree = "<group>"; };
/* End PBXFileReference section */

/* Begin PBXFrameworksBuildPhase section */
		E98342392757B85800E1C314 /* Frameworks */ = {
			isa = PBXFrameworksBuildPhase;
			buildActionMask = 2147483647;
			files = (
				E907B99F27DE36BD0082FB9B /* Alamofire in Frameworks */,
				E9881B9B27650DC200BE53CC /* SDWebImageSwiftUI in Frameworks */,
				E9B5A81A27A32B9C007CA4F7 /* KeyboardAvoider in Frameworks */,
				E9A7684C276FADDA0043551A /* SPAlert in Frameworks */,
				E96CC04627E9047000C054FE /* PermissionsSwiftUINotification in Frameworks */,
				E900E5EA27BC2DBF009EEFD5 /* LocalConsole in Frameworks */,
				E96CC04427E9047000C054FE /* PermissionsSwiftUILocationAlways in Frameworks */,
				E9D18361276F3B95001A764E /* AlertKit in Frameworks */,
			);
			runOnlyForDeploymentPostprocessing = 0;
		};
/* End PBXFrameworksBuildPhase section */

/* Begin PBXGroup section */
		E92EF7F427AFEA1500E4E1B4 /* ValidationModel */ = {
			isa = PBXGroup;
			children = (
				E9393ED72761330E00CB136F /* LogbookValidationModel.swift */,
			);
			path = ValidationModel;
			sourceTree = "<group>";
		};
		E940ED0F27E0D3B900B2EAA7 /* Settings */ = {
			isa = PBXGroup;
			children = (
				E940ED0D27E0CFDC00B2EAA7 /* SettingsView.swift */,
				E940ED1027E0D3C700B2EAA7 /* SettingsRowView.swift */,
			);
			path = Settings;
			sourceTree = "<group>";
		};
		E9472595276BBD87006E6944 /* Models */ = {
			isa = PBXGroup;
			children = (
				E9472598276BBDA8006E6944 /* LogbookModel.swift */,
				E96170E127AEECB2004CA43C /* NotificationModel.swift */,
				E90BDEAC27C17A4400E642F0 /* PatrolStationModel.swift */,
				E9D9B6322812E3ED00DB2ED2 /* InvoiceModel.swift */,
			);
			path = Models;
			sourceTree = "<group>";
		};
		E947259C276BBFFB006E6944 /* Services */ = {
			isa = PBXGroup;
			children = (
				E947259D276BC008006E6944 /* ApiService.swift */,
				E96170D927AECDF7004CA43C /* LocationService.swift */,
				E96170DF27AEEAE4004CA43C /* NotificationService.swift */,
				E98E868B27C24DD6004F4714 /* CoreDataService.swift */,
				E91B384127C6C8A100256BF0 /* DownloadService.swift */,
				E907B9A027DE3A370082FB9B /* Interceptor.swift */,
			);
			path = Services;
			sourceTree = "<group>";
		};
		E947259F276BC0C9006E6944 /* Views */ = {
			isa = PBXGroup;
			children = (
				E9D9B62B2812D88C00DB2ED2 /* Invoice */,
				E98A0C5C27E763680038D133 /* List */,
				E9A66A9D27E2731A004033F5 /* Refuel */,
				E940ED0F27E0D3B900B2EAA7 /* Settings */,
				E94824D827C90E9900228A35 /* Export */,
				E98342412757B85800E1C314 /* ContentView.swift */,
				E90C2AC0276DB175005C1281 /* LoadingView.swift */,
				E9472593276BAF83006E6944 /* Launch Screen.storyboard */,
				E95C4F76278623C2009643B4 /* DetailView.swift */,
				E98C59C22787812C0020381B /* AddView.swift */,
				E9A66A9B27E24A89004033F5 /* TrackingView.swift */,
				E9D9B6292812D78400DB2ED2 /* TabBar.swift */,
			);
			path = Views;
			sourceTree = "<group>";
		};
		E94725A0276BC0CE006E6944 /* ViewModels */ = {
			isa = PBXGroup;
			children = (
				E92EF7F427AFEA1500E4E1B4 /* ValidationModel */,
				E94725AC276BC341006E6944 /* AddViewModel.swift */,
				E95C4F74278622C9009643B4 /* ListViewModel.swift */,
				E95C4F7827862ECA009643B4 /* DetailViewModel.swift */,
				E90BDEAA27C1711500E642F0 /* RefuelViewModel.swift */,
				E970ADC827C8F07C000149D1 /* ExportViewModel.swift */,
				E9D9B62E2812D9CE00DB2ED2 /* InvoiceViewModel.swift */,
			);
			path = ViewModels;
			sourceTree = "<group>";
		};
		E94725A1276BC0E5006E6944 /* Extensions */ = {
			isa = PBXGroup;
			children = (
				E963FC36276655C000FFBD00 /* TransitionExtension.swift */,
				E94725A4276BC15B006E6944 /* JsonDecoderExtension.swift */,
				E94725AA276BC1BF006E6944 /* DateFormatterExtension.swift */,
				E90B2473276E9C6A00B185EF /* StringExtension.swift */,
			);
			path = Extensions;
			sourceTree = "<group>";
		};
		E94725A3276BC127006E6944 /* Components */ = {
			isa = PBXGroup;
			children = (
				E970ADC527C83686000149D1 /* ListSelectionView */,
				E9D4E6F32758FEBB003F36DA /* FloatingTextField.swift */,
				E9393ED927614B3E00CB136F /* FloatingNumberField.swift */,
				E90B2471276E90C500B185EF /* FloatingTextEditor.swift */,
				E970ADC027C82B6B000149D1 /* ShareSheet.swift */,
				E9C3A57627CA59BE0021EDD8 /* CustomProgressView.swift */,
			);
			path = Components;
			sourceTree = "<group>";
		};
		E94824D827C90E9900228A35 /* Export */ = {
			isa = PBXGroup;
			children = (
				E970ADC627C836DD000149D1 /* ExportView.swift */,
				E970ADC327C835BF000149D1 /* ExportSelectionRowView.swift */,
			);
			path = Export;
			sourceTree = "<group>";
		};
		E970ADC527C83686000149D1 /* ListSelectionView */ = {
			isa = PBXGroup;
			children = (
			);
			path = ListSelectionView;
			sourceTree = "<group>";
		};
		E98342332757B85800E1C314 = {
			isa = PBXGroup;
			children = (
				E983423E2757B85800E1C314 /* Logbook */,
				E983423D2757B85800E1C314 /* Products */,
			);
			sourceTree = "<group>";
		};
		E983423D2757B85800E1C314 /* Products */ = {
			isa = PBXGroup;
			children = (
				E983423C2757B85800E1C314 /* Logbook.app */,
			);
			name = Products;
			sourceTree = "<group>";
		};
		E983423E2757B85800E1C314 /* Logbook */ = {
			isa = PBXGroup;
			children = (
				E970ADC227C82E6B000149D1 /* Logbook.entitlements */,
				E983424D2757B85A00E1C314 /* Info.plist */,
				E983423F2757B85800E1C314 /* LogbookApp.swift */,
				E98342432757B85A00E1C314 /* Assets.xcassets */,
				E9881B9627650CB700BE53CC /* Shared */,
				E94725A3276BC127006E6944 /* Components */,
				E9472595276BBD87006E6944 /* Models */,
				E947259C276BBFFB006E6944 /* Services */,
				E94725A1276BC0E5006E6944 /* Extensions */,
				E9D4E6FB2759046F003F36DA /* Utils */,
				E94725A0276BC0CE006E6944 /* ViewModels */,
				E947259F276BC0C9006E6944 /* Views */,
				E98342452757B85A00E1C314 /* Preview Content */,
				E98E868827C24CA9004F4714 /* CoreDataModel.xcdatamodeld */,
			);
			path = Logbook;
			sourceTree = "<group>";
		};
		E98342452757B85A00E1C314 /* Preview Content */ = {
			isa = PBXGroup;
			children = (
				E98342462757B85A00E1C314 /* Preview Assets.xcassets */,
			);
			path = "Preview Content";
			sourceTree = "<group>";
		};
		E9881B9627650CB700BE53CC /* Shared */ = {
			isa = PBXGroup;
			children = (
				E98A0C4B27E73A190038D133 /* Preferences.swift */,
				E963FC38276660A800FFBD00 /* Car_load.gif */,
				E900E5EB27BC2E5D009EEFD5 /* Console.swift */,
				E960463B27EA65CF001D0C3B /* Reachability.swift */,
				E941CD8E2814548D00C5147D /* NavigationUtil.swift */,
			);
			path = Shared;
			sourceTree = "<group>";
		};
		E98A0C5C27E763680038D133 /* List */ = {
			isa = PBXGroup;
			children = (
				E95C4F72278620D4009643B4 /* ListView.swift */,
				E98A0C5D27E7637C0038D133 /* ListRowView.swift */,
			);
			path = List;
			sourceTree = "<group>";
		};
		E9A66A9D27E2731A004033F5 /* Refuel */ = {
			isa = PBXGroup;
			children = (
				E95BBA4B27C15217006F2EA9 /* RefuelView.swift */,
				E9A66A9E27E27335004033F5 /* RefuelRowView.swift */,
			);
			path = Refuel;
			sourceTree = "<group>";
		};
		E9D4E6FB2759046F003F36DA /* Utils */ = {
			isa = PBXGroup;
			children = (
				E9D4E6FC27590483003F36DA /* NumberUtils.swift */,
				E91978FB27899B720002598A /* ShapeUtils.swift */,
			);
			path = Utils;
			sourceTree = "<group>";
		};
		E9D9B62B2812D88C00DB2ED2 /* Invoice */ = {
			isa = PBXGroup;
			children = (
				E9DD88C82815ADCF00421C7F /* Details */,
				E9D9B62C2812D89700DB2ED2 /* InvoiceView.swift */,
				E9EA10C728141ADE000B2DB9 /* InvoiceDetailSectionComponent.swift */,
			);
			path = Invoice;
			sourceTree = "<group>";
		};
		E9DD88C82815ADCF00421C7F /* Details */ = {
			isa = PBXGroup;
			children = (
				E9DD88CA2815ADF100421C7F /* Vehicles */,
				E9DD88C92815ADEA00421C7F /* Drivers */,
			);
			path = Details;
			sourceTree = "<group>";
		};
		E9DD88C92815ADEA00421C7F /* Drivers */ = {
			isa = PBXGroup;
			children = (
				E9D9B6302812E24600DB2ED2 /* InvoiceDetailView.swift */,
				E941CD8C28144D4700C5147D /* InvoiceCreateView.swift */,
			);
			path = Drivers;
			sourceTree = "<group>";
		};
		E9DD88CA2815ADF100421C7F /* Vehicles */ = {
			isa = PBXGroup;
			children = (
			);
			path = Vehicles;
			sourceTree = "<group>";
		};
/* End PBXGroup section */

/* Begin PBXNativeTarget section */
		E983423B2757B85800E1C314 /* Logbook */ = {
			isa = PBXNativeTarget;
			buildConfigurationList = E98342662757B85A00E1C314 /* Build configuration list for PBXNativeTarget "Logbook" */;
			buildPhases = (
				E98342382757B85800E1C314 /* Sources */,
				E98342392757B85800E1C314 /* Frameworks */,
				E983423A2757B85800E1C314 /* Resources */,
			);
			buildRules = (
			);
			dependencies = (
			);
			name = Logbook;
			packageProductDependencies = (
				E9881B9A27650DC200BE53CC /* SDWebImageSwiftUI */,
				E9D18360276F3B95001A764E /* AlertKit */,
				E9A7684B276FADDA0043551A /* SPAlert */,
				E9B5A81927A32B9C007CA4F7 /* KeyboardAvoider */,
				E900E5E927BC2DBF009EEFD5 /* LocalConsole */,
				E907B99E27DE36BD0082FB9B /* Alamofire */,
				E96CC04327E9047000C054FE /* PermissionsSwiftUILocationAlways */,
				E96CC04527E9047000C054FE /* PermissionsSwiftUINotification */,
			);
			productName = Logbook;
			productReference = E983423C2757B85800E1C314 /* Logbook.app */;
			productType = "com.apple.product-type.application";
		};
/* End PBXNativeTarget section */

/* Begin PBXProject section */
		E98342342757B85800E1C314 /* Project object */ = {
			isa = PBXProject;
			attributes = {
				LastSwiftUpdateCheck = 1240;
				LastUpgradeCheck = 1320;
				TargetAttributes = {
					E983423B2757B85800E1C314 = {
						CreatedOnToolsVersion = 12.4;
					};
				};
			};
			buildConfigurationList = E98342372757B85800E1C314 /* Build configuration list for PBXProject "Logbook" */;
			compatibilityVersion = "Xcode 9.3";
			developmentRegion = en;
			hasScannedForEncodings = 0;
			knownRegions = (
				en,
				Base,
				de,
			);
			mainGroup = E98342332757B85800E1C314;
			packageReferences = (
				E9881B9927650DC200BE53CC /* XCRemoteSwiftPackageReference "SDWebImageSwiftUI" */,
				E9D1835F276F3B95001A764E /* XCRemoteSwiftPackageReference "AlertKit" */,
				E9A7684A276FADDA0043551A /* XCRemoteSwiftPackageReference "SPAlert" */,
				E9B5A81827A32B9C007CA4F7 /* XCRemoteSwiftPackageReference "KeyboardAvoider" */,
				E900E5E827BC2DBF009EEFD5 /* XCRemoteSwiftPackageReference "LocalConsole" */,
				E907B99D27DE36BD0082FB9B /* XCRemoteSwiftPackageReference "Alamofire" */,
				E96CC04227E9047000C054FE /* XCRemoteSwiftPackageReference "PermissionsSwiftUI" */,
			);
			productRefGroup = E983423D2757B85800E1C314 /* Products */;
			projectDirPath = "";
			projectRoot = "";
			targets = (
				E983423B2757B85800E1C314 /* Logbook */,
			);
		};
/* End PBXProject section */

/* Begin PBXResourcesBuildPhase section */
		E983423A2757B85800E1C314 /* Resources */ = {
			isa = PBXResourcesBuildPhase;
			buildActionMask = 2147483647;
			files = (
				E98342472757B85A00E1C314 /* Preview Assets.xcassets in Resources */,
				E963FC39276660A800FFBD00 /* Car_load.gif in Resources */,
				E9472594276BAF83006E6944 /* Launch Screen.storyboard in Resources */,
				E98342442757B85A00E1C314 /* Assets.xcassets in Resources */,
			);
			runOnlyForDeploymentPostprocessing = 0;
		};
/* End PBXResourcesBuildPhase section */

/* Begin PBXSourcesBuildPhase section */
		E98342382757B85800E1C314 /* Sources */ = {
			isa = PBXSourcesBuildPhase;
			buildActionMask = 2147483647;
			files = (
				E941CD8D28144D4700C5147D /* InvoiceCreateView.swift in Sources */,
				E94725AB276BC1BF006E6944 /* DateFormatterExtension.swift in Sources */,
				E98E868A27C24CA9004F4714 /* CoreDataModel.xcdatamodeld in Sources */,
				E9C3A57727CA59BE0021EDD8 /* CustomProgressView.swift in Sources */,
				E95BBA4C27C15217006F2EA9 /* RefuelView.swift in Sources */,
				E941CD8F2814548D00C5147D /* NavigationUtil.swift in Sources */,
				E9D9B62D2812D89700DB2ED2 /* InvoiceView.swift in Sources */,
				E9D9B62F2812D9CF00DB2ED2 /* InvoiceViewModel.swift in Sources */,
				E96170E027AEEAE4004CA43C /* NotificationService.swift in Sources */,
				E90C2AC1276DB175005C1281 /* LoadingView.swift in Sources */,
				E94725A5276BC15B006E6944 /* JsonDecoderExtension.swift in Sources */,
				E963FC37276655C000FFBD00 /* TransitionExtension.swift in Sources */,
				E9EA10C828141ADE000B2DB9 /* InvoiceDetailSectionComponent.swift in Sources */,
				E907B9A127DE3A370082FB9B /* Interceptor.swift in Sources */,
				E98A0C4C27E73A190038D133 /* Preferences.swift in Sources */,
				E970ADC127C82B6B000149D1 /* ShareSheet.swift in Sources */,
				E9D9B6312812E24600DB2ED2 /* InvoiceDetailView.swift in Sources */,
				E91978FC27899B720002598A /* ShapeUtils.swift in Sources */,
				E90BDEAB27C1711500E642F0 /* RefuelViewModel.swift in Sources */,
				E95C4F77278623C2009643B4 /* DetailView.swift in Sources */,
				E9D9B6332812E3ED00DB2ED2 /* InvoiceModel.swift in Sources */,
				E90B2472276E90C500B185EF /* FloatingTextEditor.swift in Sources */,
				E95C4F73278620D4009643B4 /* ListView.swift in Sources */,
				E90B2474276E9C6A00B185EF /* StringExtension.swift in Sources */,
				E90BDEAD27C17A4400E642F0 /* PatrolStationModel.swift in Sources */,
				E960463C27EA65CF001D0C3B /* Reachability.swift in Sources */,
				E98342422757B85800E1C314 /* ContentView.swift in Sources */,
				E98A0C5E27E7637C0038D133 /* ListRowView.swift in Sources */,
				E900E5EC27BC2E5D009EEFD5 /* Console.swift in Sources */,
				E9472599276BBDA8006E6944 /* LogbookModel.swift in Sources */,
				E9D4E6F42758FEBB003F36DA /* FloatingTextField.swift in Sources */,
				E95C4F7927862ECA009643B4 /* DetailViewModel.swift in Sources */,
				E9D9B62A2812D78400DB2ED2 /* TabBar.swift in Sources */,
				E94725AD276BC342006E6944 /* AddViewModel.swift in Sources */,
				E940ED1127E0D3C700B2EAA7 /* SettingsRowView.swift in Sources */,
				E98C59C32787812C0020381B /* AddView.swift in Sources */,
				E91B384227C6C8A100256BF0 /* DownloadService.swift in Sources */,
				E9D4E6FD27590483003F36DA /* NumberUtils.swift in Sources */,
				E9A66A9C27E24A89004033F5 /* TrackingView.swift in Sources */,
				E970ADC727C836DD000149D1 /* ExportView.swift in Sources */,
				E98E868C27C24DD6004F4714 /* CoreDataService.swift in Sources */,
				E9A66A9F27E27335004033F5 /* RefuelRowView.swift in Sources */,
				E970ADC427C835BF000149D1 /* ExportSelectionRowView.swift in Sources */,
				E96170E227AEECB2004CA43C /* NotificationModel.swift in Sources */,
				E9393EDA27614B3E00CB136F /* FloatingNumberField.swift in Sources */,
				E970ADC927C8F07C000149D1 /* ExportViewModel.swift in Sources */,
				E947259E276BC008006E6944 /* ApiService.swift in Sources */,
				E98342402757B85800E1C314 /* LogbookApp.swift in Sources */,
				E95C4F75278622C9009643B4 /* ListViewModel.swift in Sources */,
				E9393ED82761330E00CB136F /* LogbookValidationModel.swift in Sources */,
				E96170DA27AECDF7004CA43C /* LocationService.swift in Sources */,
				E940ED0E27E0CFDC00B2EAA7 /* SettingsView.swift in Sources */,
			);
			runOnlyForDeploymentPostprocessing = 0;
		};
/* End PBXSourcesBuildPhase section */

/* Begin XCBuildConfiguration section */
		E98342642757B85A00E1C314 /* Debug */ = {
			isa = XCBuildConfiguration;
			buildSettings = {
				ALWAYS_SEARCH_USER_PATHS = NO;
				CLANG_ANALYZER_LOCALIZABILITY_NONLOCALIZED = YES;
				CLANG_ANALYZER_NONNULL = YES;
				CLANG_ANALYZER_NUMBER_OBJECT_CONVERSION = YES_AGGRESSIVE;
				CLANG_CXX_LANGUAGE_STANDARD = "gnu++14";
				CLANG_CXX_LIBRARY = "libc++";
				CLANG_ENABLE_MODULES = YES;
				CLANG_ENABLE_OBJC_ARC = YES;
				CLANG_ENABLE_OBJC_WEAK = YES;
				CLANG_WARN_BLOCK_CAPTURE_AUTORELEASING = YES;
				CLANG_WARN_BOOL_CONVERSION = YES;
				CLANG_WARN_COMMA = YES;
				CLANG_WARN_CONSTANT_CONVERSION = YES;
				CLANG_WARN_DEPRECATED_OBJC_IMPLEMENTATIONS = YES;
				CLANG_WARN_DIRECT_OBJC_ISA_USAGE = YES_ERROR;
				CLANG_WARN_DOCUMENTATION_COMMENTS = YES;
				CLANG_WARN_EMPTY_BODY = YES;
				CLANG_WARN_ENUM_CONVERSION = YES;
				CLANG_WARN_INFINITE_RECURSION = YES;
				CLANG_WARN_INT_CONVERSION = YES;
				CLANG_WARN_NON_LITERAL_NULL_CONVERSION = YES;
				CLANG_WARN_OBJC_IMPLICIT_RETAIN_SELF = YES;
				CLANG_WARN_OBJC_LITERAL_CONVERSION = YES;
				CLANG_WARN_OBJC_ROOT_CLASS = YES_ERROR;
				CLANG_WARN_QUOTED_INCLUDE_IN_FRAMEWORK_HEADER = YES;
				CLANG_WARN_RANGE_LOOP_ANALYSIS = YES;
				CLANG_WARN_STRICT_PROTOTYPES = YES;
				CLANG_WARN_SUSPICIOUS_MOVE = YES;
				CLANG_WARN_UNGUARDED_AVAILABILITY = YES_AGGRESSIVE;
				CLANG_WARN_UNREACHABLE_CODE = YES;
				CLANG_WARN__DUPLICATE_METHOD_MATCH = YES;
				COPY_PHASE_STRIP = NO;
				DEBUG_INFORMATION_FORMAT = dwarf;
				ENABLE_STRICT_OBJC_MSGSEND = YES;
				ENABLE_TESTABILITY = YES;
				GCC_C_LANGUAGE_STANDARD = gnu11;
				GCC_DYNAMIC_NO_PIC = NO;
				GCC_NO_COMMON_BLOCKS = YES;
				GCC_OPTIMIZATION_LEVEL = 0;
				GCC_PREPROCESSOR_DEFINITIONS = (
					"DEBUG=1",
					"$(inherited)",
				);
				GCC_WARN_64_TO_32_BIT_CONVERSION = YES;
				GCC_WARN_ABOUT_RETURN_TYPE = YES_ERROR;
				GCC_WARN_UNDECLARED_SELECTOR = YES;
				GCC_WARN_UNINITIALIZED_AUTOS = YES_AGGRESSIVE;
				GCC_WARN_UNUSED_FUNCTION = YES;
				GCC_WARN_UNUSED_VARIABLE = YES;
				IPHONEOS_DEPLOYMENT_TARGET = 15.0;
				MTL_ENABLE_DEBUG_INFO = INCLUDE_SOURCE;
				MTL_FAST_MATH = YES;
				ONLY_ACTIVE_ARCH = YES;
				SDKROOT = iphoneos;
				SWIFT_ACTIVE_COMPILATION_CONDITIONS = DEBUG;
				SWIFT_OPTIMIZATION_LEVEL = "-Onone";
			};
			name = Debug;
		};
		E98342652757B85A00E1C314 /* Release */ = {
			isa = XCBuildConfiguration;
			buildSettings = {
				ALWAYS_SEARCH_USER_PATHS = NO;
				CLANG_ANALYZER_LOCALIZABILITY_NONLOCALIZED = YES;
				CLANG_ANALYZER_NONNULL = YES;
				CLANG_ANALYZER_NUMBER_OBJECT_CONVERSION = YES_AGGRESSIVE;
				CLANG_CXX_LANGUAGE_STANDARD = "gnu++14";
				CLANG_CXX_LIBRARY = "libc++";
				CLANG_ENABLE_MODULES = YES;
				CLANG_ENABLE_OBJC_ARC = YES;
				CLANG_ENABLE_OBJC_WEAK = YES;
				CLANG_WARN_BLOCK_CAPTURE_AUTORELEASING = YES;
				CLANG_WARN_BOOL_CONVERSION = YES;
				CLANG_WARN_COMMA = YES;
				CLANG_WARN_CONSTANT_CONVERSION = YES;
				CLANG_WARN_DEPRECATED_OBJC_IMPLEMENTATIONS = YES;
				CLANG_WARN_DIRECT_OBJC_ISA_USAGE = YES_ERROR;
				CLANG_WARN_DOCUMENTATION_COMMENTS = YES;
				CLANG_WARN_EMPTY_BODY = YES;
				CLANG_WARN_ENUM_CONVERSION = YES;
				CLANG_WARN_INFINITE_RECURSION = YES;
				CLANG_WARN_INT_CONVERSION = YES;
				CLANG_WARN_NON_LITERAL_NULL_CONVERSION = YES;
				CLANG_WARN_OBJC_IMPLICIT_RETAIN_SELF = YES;
				CLANG_WARN_OBJC_LITERAL_CONVERSION = YES;
				CLANG_WARN_OBJC_ROOT_CLASS = YES_ERROR;
				CLANG_WARN_QUOTED_INCLUDE_IN_FRAMEWORK_HEADER = YES;
				CLANG_WARN_RANGE_LOOP_ANALYSIS = YES;
				CLANG_WARN_STRICT_PROTOTYPES = YES;
				CLANG_WARN_SUSPICIOUS_MOVE = YES;
				CLANG_WARN_UNGUARDED_AVAILABILITY = YES_AGGRESSIVE;
				CLANG_WARN_UNREACHABLE_CODE = YES;
				CLANG_WARN__DUPLICATE_METHOD_MATCH = YES;
				COPY_PHASE_STRIP = NO;
				DEBUG_INFORMATION_FORMAT = "dwarf-with-dsym";
				ENABLE_NS_ASSERTIONS = NO;
				ENABLE_STRICT_OBJC_MSGSEND = YES;
				GCC_C_LANGUAGE_STANDARD = gnu11;
				GCC_NO_COMMON_BLOCKS = YES;
				GCC_WARN_64_TO_32_BIT_CONVERSION = YES;
				GCC_WARN_ABOUT_RETURN_TYPE = YES_ERROR;
				GCC_WARN_UNDECLARED_SELECTOR = YES;
				GCC_WARN_UNINITIALIZED_AUTOS = YES_AGGRESSIVE;
				GCC_WARN_UNUSED_FUNCTION = YES;
				GCC_WARN_UNUSED_VARIABLE = YES;
				IPHONEOS_DEPLOYMENT_TARGET = 15.0;
				MTL_ENABLE_DEBUG_INFO = NO;
				MTL_FAST_MATH = YES;
				ONLY_ACTIVE_ARCH = NO;
				SDKROOT = iphoneos;
				SWIFT_COMPILATION_MODE = wholemodule;
				SWIFT_OPTIMIZATION_LEVEL = "-O";
				VALIDATE_PRODUCT = YES;
			};
			name = Release;
		};
		E98342672757B85A00E1C314 /* Debug */ = {
			isa = XCBuildConfiguration;
			buildSettings = {
				ASSETCATALOG_COMPILER_APPICON_NAME = AppIcon;
				ASSETCATALOG_COMPILER_GLOBAL_ACCENT_COLOR_NAME = AccentColor;
				CODE_SIGN_ENTITLEMENTS = Logbook/Logbook.entitlements;
				CODE_SIGN_STYLE = Automatic;
				CURRENT_PROJECT_VERSION = 23;
				DEVELOPMENT_ASSET_PATHS = "\"Logbook/Preview Content\"";
				DEVELOPMENT_TEAM = 3JWUJEGD2M;
				ENABLE_PREVIEWS = YES;
				INFOPLIST_FILE = Logbook/Info.plist;
				IPHONEOS_DEPLOYMENT_TARGET = 15.0;
				LD_RUNPATH_SEARCH_PATHS = (
					"$(inherited)",
					"@executable_path/Frameworks",
				);
				PRODUCT_BUNDLE_IDENTIFIER = de.Thomas.Logbook;
				PRODUCT_NAME = "$(TARGET_NAME)";
				SWIFT_VERSION = 5.0;
				TARGETED_DEVICE_FAMILY = 1;
			};
			name = Debug;
		};
		E98342682757B85A00E1C314 /* Release */ = {
			isa = XCBuildConfiguration;
			buildSettings = {
				ASSETCATALOG_COMPILER_APPICON_NAME = AppIcon;
				ASSETCATALOG_COMPILER_GLOBAL_ACCENT_COLOR_NAME = AccentColor;
				CODE_SIGN_ENTITLEMENTS = Logbook/Logbook.entitlements;
				CODE_SIGN_STYLE = Automatic;
				CURRENT_PROJECT_VERSION = 23;
				DEVELOPMENT_ASSET_PATHS = "\"Logbook/Preview Content\"";
				DEVELOPMENT_TEAM = 3JWUJEGD2M;
				ENABLE_PREVIEWS = YES;
				INFOPLIST_FILE = Logbook/Info.plist;
				IPHONEOS_DEPLOYMENT_TARGET = 15.0;
				LD_RUNPATH_SEARCH_PATHS = (
					"$(inherited)",
					"@executable_path/Frameworks",
				);
				PRODUCT_BUNDLE_IDENTIFIER = de.Thomas.Logbook;
				PRODUCT_NAME = "$(TARGET_NAME)";
				SWIFT_VERSION = 5.0;
				TARGETED_DEVICE_FAMILY = 1;
			};
			name = Release;
		};
/* End XCBuildConfiguration section */

/* Begin XCConfigurationList section */
		E98342372757B85800E1C314 /* Build configuration list for PBXProject "Logbook" */ = {
			isa = XCConfigurationList;
			buildConfigurations = (
				E98342642757B85A00E1C314 /* Debug */,
				E98342652757B85A00E1C314 /* Release */,
			);
			defaultConfigurationIsVisible = 0;
			defaultConfigurationName = Release;
		};
		E98342662757B85A00E1C314 /* Build configuration list for PBXNativeTarget "Logbook" */ = {
			isa = XCConfigurationList;
			buildConfigurations = (
				E98342672757B85A00E1C314 /* Debug */,
				E98342682757B85A00E1C314 /* Release */,
			);
			defaultConfigurationIsVisible = 0;
			defaultConfigurationName = Release;
		};
/* End XCConfigurationList section */

/* Begin XCRemoteSwiftPackageReference section */
		E900E5E827BC2DBF009EEFD5 /* XCRemoteSwiftPackageReference "LocalConsole" */ = {
			isa = XCRemoteSwiftPackageReference;
			repositoryURL = "https://github.com/duraidabdul/LocalConsole/";
			requirement = {
				branch = main;
				kind = branch;
			};
		};
		E907B99D27DE36BD0082FB9B /* XCRemoteSwiftPackageReference "Alamofire" */ = {
			isa = XCRemoteSwiftPackageReference;
			repositoryURL = "https://github.com/Alamofire/Alamofire";
			requirement = {
				kind = upToNextMajorVersion;
				minimumVersion = 5.0.0;
			};
		};
		E96CC04227E9047000C054FE /* XCRemoteSwiftPackageReference "PermissionsSwiftUI" */ = {
			isa = XCRemoteSwiftPackageReference;
			repositoryURL = "https://github.com/jevonmao/PermissionsSwiftUI";
			requirement = {
				branch = main;
				kind = branch;
			};
		};
		E9881B9927650DC200BE53CC /* XCRemoteSwiftPackageReference "SDWebImageSwiftUI" */ = {
			isa = XCRemoteSwiftPackageReference;
			repositoryURL = "https://github.com/SDWebImage/SDWebImageSwiftUI";
			requirement = {
				branch = master;
				kind = branch;
			};
		};
		E9A7684A276FADDA0043551A /* XCRemoteSwiftPackageReference "SPAlert" */ = {
			isa = XCRemoteSwiftPackageReference;
			repositoryURL = "https://github.com/ivanvorobei/SPAlert";
			requirement = {
				kind = exactVersion;
				version = 4.2.0;
			};
		};
		E9B5A81827A32B9C007CA4F7 /* XCRemoteSwiftPackageReference "KeyboardAvoider" */ = {
			isa = XCRemoteSwiftPackageReference;
			repositoryURL = "https://github.com/michaelhenry/KeyboardAvoider.git";
			requirement = {
				kind = upToNextMajorVersion;
				minimumVersion = 1.0.0;
			};
		};
		E9D1835F276F3B95001A764E /* XCRemoteSwiftPackageReference "AlertKit" */ = {
			isa = XCRemoteSwiftPackageReference;
			repositoryURL = "https://github.com/rebeloper/AlertKit.git";
			requirement = {
				branch = main;
				kind = branch;
			};
		};
/* End XCRemoteSwiftPackageReference section */

/* Begin XCSwiftPackageProductDependency section */
		E900E5E927BC2DBF009EEFD5 /* LocalConsole */ = {
			isa = XCSwiftPackageProductDependency;
			package = E900E5E827BC2DBF009EEFD5 /* XCRemoteSwiftPackageReference "LocalConsole" */;
			productName = LocalConsole;
		};
		E907B99E27DE36BD0082FB9B /* Alamofire */ = {
			isa = XCSwiftPackageProductDependency;
			package = E907B99D27DE36BD0082FB9B /* XCRemoteSwiftPackageReference "Alamofire" */;
			productName = Alamofire;
		};
		E96CC04327E9047000C054FE /* PermissionsSwiftUILocationAlways */ = {
			isa = XCSwiftPackageProductDependency;
			package = E96CC04227E9047000C054FE /* XCRemoteSwiftPackageReference "PermissionsSwiftUI" */;
			productName = PermissionsSwiftUILocationAlways;
		};
		E96CC04527E9047000C054FE /* PermissionsSwiftUINotification */ = {
			isa = XCSwiftPackageProductDependency;
			package = E96CC04227E9047000C054FE /* XCRemoteSwiftPackageReference "PermissionsSwiftUI" */;
			productName = PermissionsSwiftUINotification;
		};
		E9881B9A27650DC200BE53CC /* SDWebImageSwiftUI */ = {
			isa = XCSwiftPackageProductDependency;
			package = E9881B9927650DC200BE53CC /* XCRemoteSwiftPackageReference "SDWebImageSwiftUI" */;
			productName = SDWebImageSwiftUI;
		};
		E9A7684B276FADDA0043551A /* SPAlert */ = {
			isa = XCSwiftPackageProductDependency;
			package = E9A7684A276FADDA0043551A /* XCRemoteSwiftPackageReference "SPAlert" */;
			productName = SPAlert;
		};
		E9B5A81927A32B9C007CA4F7 /* KeyboardAvoider */ = {
			isa = XCSwiftPackageProductDependency;
			package = E9B5A81827A32B9C007CA4F7 /* XCRemoteSwiftPackageReference "KeyboardAvoider" */;
			productName = KeyboardAvoider;
		};
		E9D18360276F3B95001A764E /* AlertKit */ = {
			isa = XCSwiftPackageProductDependency;
			package = E9D1835F276F3B95001A764E /* XCRemoteSwiftPackageReference "AlertKit" */;
			productName = AlertKit;
		};
/* End XCSwiftPackageProductDependency section */

/* Begin XCVersionGroup section */
		E98E868827C24CA9004F4714 /* CoreDataModel.xcdatamodeld */ = {
			isa = XCVersionGroup;
			children = (
				E98E868927C24CA9004F4714 /* CoreDataModel.xcdatamodel */,
			);
			currentVersion = E98E868927C24CA9004F4714 /* CoreDataModel.xcdatamodel */;
			path = CoreDataModel.xcdatamodeld;
			sourceTree = "<group>";
			versionGroupType = wrapper.xcdatamodel;
		};
/* End XCVersionGroup section */
	};
	rootObject = E98342342757B85800E1C314 /* Project object */;
}
