// !$*UTF8*$!
{
	archiveVersion = 1;
	classes = {
	};
	objectVersion = 55;
	objects = {

/* Begin PBXBuildFile section */
		E90523132B7E55140044B399 /* ListContent.swift in Sources */ = {isa = PBXBuildFile; fileRef = E90523122B7E55140044B399 /* ListContent.swift */; };
		E90523152B7E58650044B399 /* AddLogbookButton.swift in Sources */ = {isa = PBXBuildFile; fileRef = E90523142B7E58650044B399 /* AddLogbookButton.swift */; };
		E908C1942B823EC50009C954 /* SegmentControlContainer.swift in Sources */ = {isa = PBXBuildFile; fileRef = E908C1932B823EC50009C954 /* SegmentControlContainer.swift */; };
		E908C1962B8253F30009C954 /* AlertHelper.swift in Sources */ = {isa = PBXBuildFile; fileRef = E908C1952B8253F30009C954 /* AlertHelper.swift */; };
		E908C1982B82581B0009C954 /* DarkCloseButton.swift in Sources */ = {isa = PBXBuildFile; fileRef = E908C1972B82581B0009C954 /* DarkCloseButton.swift */; };
		E908C19B2B82660D0009C954 /* SwiftUIIntrospect in Frameworks */ = {isa = PBXBuildFile; productRef = E908C19A2B82660D0009C954 /* SwiftUIIntrospect */; };
		E908C19F2B82660D0009C954 /* SwiftUIIntrospect-Static in Frameworks */ = {isa = PBXBuildFile; productRef = E908C19E2B82660D0009C954 /* SwiftUIIntrospect-Static */; };
		E91095C72841306400C1334E /* TabBar.swift in Sources */ = {isa = PBXBuildFile; fileRef = E91095C62841306400C1334E /* TabBar.swift */; };
		E91AFA0F283FD09F0024131D /* LogbookApp.swift in Sources */ = {isa = PBXBuildFile; fileRef = E91AFA0E283FD09F0024131D /* LogbookApp.swift */; };
		E91AFA11283FD09F0024131D /* ContentView.swift in Sources */ = {isa = PBXBuildFile; fileRef = E91AFA10283FD09F0024131D /* ContentView.swift */; };
		E91AFA13283FD0A10024131D /* Assets.xcassets in Resources */ = {isa = PBXBuildFile; fileRef = E91AFA12283FD0A10024131D /* Assets.xcassets */; };
		E91AFA16283FD0A10024131D /* Preview Assets.xcassets in Resources */ = {isa = PBXBuildFile; fileRef = E91AFA15283FD0A10024131D /* Preview Assets.xcassets */; };
		E91AFA23283FD0D60024131D /* Alamofire in Frameworks */ = {isa = PBXBuildFile; productRef = E91AFA22283FD0D60024131D /* Alamofire */; };
		E91AFA26283FD13D0024131D /* CacheEntry.swift in Sources */ = {isa = PBXBuildFile; fileRef = E91AFA25283FD13D0024131D /* CacheEntry.swift */; };
		E91AFA28283FD1FC0024131D /* CacheImplementation.swift in Sources */ = {isa = PBXBuildFile; fileRef = E91AFA27283FD1FC0024131D /* CacheImplementation.swift */; };
		E91AFA30283FD6230024131D /* DataFetchPhase.swift in Sources */ = {isa = PBXBuildFile; fileRef = E91AFA2F283FD6230024131D /* DataFetchPhase.swift */; };
		E91AFA32283FD7020024131D /* LogbookEntry.swift in Sources */ = {isa = PBXBuildFile; fileRef = E91AFA31283FD7020024131D /* LogbookEntry.swift */; };
		E91AFA34283FD9930024131D /* LogbookAPIResponse.swift in Sources */ = {isa = PBXBuildFile; fileRef = E91AFA33283FD9930024131D /* LogbookAPIResponse.swift */; };
		E91AFA36283FE5E70024131D /* logbooks.json in Resources */ = {isa = PBXBuildFile; fileRef = E91AFA35283FE5E70024131D /* logbooks.json */; };
		E91AFA39283FE8B10024131D /* SwiftUI Extensions in Frameworks */ = {isa = PBXBuildFile; productRef = E91AFA38283FE8B10024131D /* SwiftUI Extensions */; };
		E91AFA3C28400B260024131D /* LogbooksViewModel.swift in Sources */ = {isa = PBXBuildFile; fileRef = E91AFA3B28400B260024131D /* LogbooksViewModel.swift */; };
		E91AFA3E28400D180024131D /* EmptyPlaceholderView.swift in Sources */ = {isa = PBXBuildFile; fileRef = E91AFA3D28400D180024131D /* EmptyPlaceholderView.swift */; };
		E91AFA4028400DC90024131D /* RetryView.swift in Sources */ = {isa = PBXBuildFile; fileRef = E91AFA3F28400DC90024131D /* RetryView.swift */; };
		E91AFA43284016BE0024131D /* CustomProgressView.swift in Sources */ = {isa = PBXBuildFile; fileRef = E91AFA42284016BE0024131D /* CustomProgressView.swift */; };
		E91AFA4C284129F30024131D /* Shapes.swift in Sources */ = {isa = PBXBuildFile; fileRef = E91AFA4B284129F30024131D /* Shapes.swift */; };
		E920B5FB285647B900683D67 /* SettingsAnimatedBlobComponent.swift in Sources */ = {isa = PBXBuildFile; fileRef = E920B5FA285647B900683D67 /* SettingsAnimatedBlobComponent.swift */; };
		E920B5FD285647E900683D67 /* SettingsHexagonComponent.swift in Sources */ = {isa = PBXBuildFile; fileRef = E920B5FC285647E900683D67 /* SettingsHexagonComponent.swift */; };
		E920B5FF2856480800683D67 /* SettingsView.swift in Sources */ = {isa = PBXBuildFile; fileRef = E920B5FE2856480800683D67 /* SettingsView.swift */; };
		E9227BA82B41B85300589E64 /* RefuelView.swift in Sources */ = {isa = PBXBuildFile; fileRef = E9227BA72B41B85300589E64 /* RefuelView.swift */; };
		E9227BAA2B41B85B00589E64 /* ServiceView.swift in Sources */ = {isa = PBXBuildFile; fileRef = E9227BA92B41B85B00589E64 /* ServiceView.swift */; };
		E9227BB02B41B87700589E64 /* MassTextField.swift in Sources */ = {isa = PBXBuildFile; fileRef = E9227BAC2B41B87600589E64 /* MassTextField.swift */; };
		E9227BB12B41B87700589E64 /* CurrencyUITextField.swift in Sources */ = {isa = PBXBuildFile; fileRef = E9227BAD2B41B87600589E64 /* CurrencyUITextField.swift */; };
		E9227BB32B41B87700589E64 /* MassUITextField.swift in Sources */ = {isa = PBXBuildFile; fileRef = E9227BAF2B41B87700589E64 /* MassUITextField.swift */; };
		E9227BB52B41B89000589E64 /* CurrencyTextField.swift in Sources */ = {isa = PBXBuildFile; fileRef = E9227BB42B41B89000589E64 /* CurrencyTextField.swift */; };
		E9227BBB2B433CBB00589E64 /* MileAgeComponent.swift in Sources */ = {isa = PBXBuildFile; fileRef = E9227BBA2B433CBB00589E64 /* MileAgeComponent.swift */; };
		E9227BBD2B433E0100589E64 /* DetailsComponent.swift in Sources */ = {isa = PBXBuildFile; fileRef = E9227BBC2B433E0100589E64 /* DetailsComponent.swift */; };
		E9227BBF2B433FC400589E64 /* DVDComponent.swift in Sources */ = {isa = PBXBuildFile; fileRef = E9227BBE2B433FC400589E64 /* DVDComponent.swift */; };
		E9227BC32B4345AE00589E64 /* EntrySubmitComponent.swift in Sources */ = {isa = PBXBuildFile; fileRef = E9227BC22B4345AE00589E64 /* EntrySubmitComponent.swift */; };
		E9227BC52B434A4800589E64 /* AddInfoSelectComponent.swift in Sources */ = {isa = PBXBuildFile; fileRef = E9227BC42B434A4800589E64 /* AddInfoSelectComponent.swift */; };
		E9227BC72B43510B00589E64 /* AddInfoButtonComponent.swift in Sources */ = {isa = PBXBuildFile; fileRef = E9227BC62B43510B00589E64 /* AddInfoButtonComponent.swift */; };
		E9227BCA2B43539800589E64 /* AddInfoSection.swift in Sources */ = {isa = PBXBuildFile; fileRef = E9227BC92B43539800589E64 /* AddInfoSection.swift */; };
		E92F54BB287DDE76008A72AF /* GasStationAPI.swift in Sources */ = {isa = PBXBuildFile; fileRef = E92F54BA287DDE76008A72AF /* GasStationAPI.swift */; };
		E937B8262B55AC1100DC073A /* RefuelInfo.swift in Sources */ = {isa = PBXBuildFile; fileRef = E937B8252B55AC1100DC073A /* RefuelInfo.swift */; };
		E937B8282B55AFA200DC073A /* RefuelInfoList.swift in Sources */ = {isa = PBXBuildFile; fileRef = E937B8272B55AFA200DC073A /* RefuelInfoList.swift */; };
		E937B82A2B55BB1B00DC073A /* VehicleFuelList.swift in Sources */ = {isa = PBXBuildFile; fileRef = E937B8292B55BB1B00DC073A /* VehicleFuelList.swift */; };
		E93872A128638D800009F0F1 /* GasStationItem.swift in Sources */ = {isa = PBXBuildFile; fileRef = E93872A028638D800009F0F1 /* GasStationItem.swift */; };
		E93872AB286394670009F0F1 /* SwiftDate in Frameworks */ = {isa = PBXBuildFile; productRef = E93872AA286394670009F0F1 /* SwiftDate */; };
		E93F33AA2B4497BA00978042 /* AlertKit in Frameworks */ = {isa = PBXBuildFile; productRef = E93F33A92B4497BA00978042 /* AlertKit */; };
		E940E8BB28426A64009F1225 /* NetworkReachability.swift in Sources */ = {isa = PBXBuildFile; fileRef = E940E8BA28426A64009F1225 /* NetworkReachability.swift */; };
		E940E8BE28426E50009F1225 /* LightCloseButton.swift in Sources */ = {isa = PBXBuildFile; fileRef = E940E8BD28426E50009F1225 /* LightCloseButton.swift */; };
		E940E8C128426EFA009F1225 /* Modifiers.swift in Sources */ = {isa = PBXBuildFile; fileRef = E940E8C028426EFA009F1225 /* Modifiers.swift */; };
		E940E8C328427232009F1225 /* Model.swift in Sources */ = {isa = PBXBuildFile; fileRef = E940E8C228427232009F1225 /* Model.swift */; };
		E940E8C62842738E009F1225 /* PreferenceKey.swift in Sources */ = {isa = PBXBuildFile; fileRef = E940E8C52842738E009F1225 /* PreferenceKey.swift */; };
		E94324B9292D357E0083FFD1 /* ChartViewModel.swift in Sources */ = {isa = PBXBuildFile; fileRef = E94324B8292D357E0083FFD1 /* ChartViewModel.swift */; };
		E94A0CFB284F97AA00693352 /* EntryView.swift in Sources */ = {isa = PBXBuildFile; fileRef = E94A0CFA284F97AA00693352 /* EntryView.swift */; };
		E94A0CFF284FA96700693352 /* EntryItem.swift in Sources */ = {isa = PBXBuildFile; fileRef = E94A0CFE284FA96700693352 /* EntryItem.swift */; };
		E94A769C28591AA600BCA71A /* AdditionalInfoImageComponent.swift in Sources */ = {isa = PBXBuildFile; fileRef = E94A769B28591AA600BCA71A /* AdditionalInfoImageComponent.swift */; };
		E957A297285F88DB00464FB0 /* GasStationViewModel.swift in Sources */ = {isa = PBXBuildFile; fileRef = E957A296285F88DB00464FB0 /* GasStationViewModel.swift */; };
		E957A29D285F91BA00464FB0 /* HeadingIndicatorContainer.swift in Sources */ = {isa = PBXBuildFile; fileRef = E957A29C285F91BA00464FB0 /* HeadingIndicatorContainer.swift */; };
		E957A29F285F921900464FB0 /* LocationManager.swift in Sources */ = {isa = PBXBuildFile; fileRef = E957A29E285F921900464FB0 /* LocationManager.swift */; };
		E95862B9287B0D990017F2BA /* SwiftLocation in Frameworks */ = {isa = PBXBuildFile; productRef = E95862B8287B0D990017F2BA /* SwiftLocation */; };
		E95D87AF28A03BAC0078EA7C /* IconNames.swift in Sources */ = {isa = PBXBuildFile; fileRef = E95D87AE28A03BAC0078EA7C /* IconNames.swift */; };
		E961ACA728948EDD00C6FCC8 /* NewEntryViewModel.swift in Sources */ = {isa = PBXBuildFile; fileRef = E961ACA628948EDD00C6FCC8 /* NewEntryViewModel.swift */; };
		E962E5C6285E3D8600F6B4D6 /* CircularIconProgressContainer.swift in Sources */ = {isa = PBXBuildFile; fileRef = E962E5C5285E3D8600F6B4D6 /* CircularIconProgressContainer.swift */; };
		E962E5CB285E440A00F6B4D6 /* GasStationEntry.swift in Sources */ = {isa = PBXBuildFile; fileRef = E962E5CA285E440A00F6B4D6 /* GasStationEntry.swift */; };
		E962E5CE285E465E00F6B4D6 /* GasStationsView.swift in Sources */ = {isa = PBXBuildFile; fileRef = E962E5CD285E465E00F6B4D6 /* GasStationsView.swift */; };
		E962E5D0285E4DCA00F6B4D6 /* gasstations.json in Resources */ = {isa = PBXBuildFile; fileRef = E962E5CF285E4DCA00F6B4D6 /* gasstations.json */; };
		E962E5D2285E5E4100F6B4D6 /* GasStationPriceComponent.swift in Sources */ = {isa = PBXBuildFile; fileRef = E962E5D1285E5E4000F6B4D6 /* GasStationPriceComponent.swift */; };
		E964B0F52B910FBA00433AB2 /* VoucherView.swift in Sources */ = {isa = PBXBuildFile; fileRef = E964B0F42B910FBA00433AB2 /* VoucherView.swift */; };
		E964B0F72B910FD100433AB2 /* Voucher.swift in Sources */ = {isa = PBXBuildFile; fileRef = E964B0F62B910FD100433AB2 /* Voucher.swift */; };
		E964B0F92B91122600433AB2 /* vouchers.json in Resources */ = {isa = PBXBuildFile; fileRef = E964B0F82B91122600433AB2 /* vouchers.json */; };
		E964B0FB2B91326B00433AB2 /* VoucherViewModel.swift in Sources */ = {isa = PBXBuildFile; fileRef = E964B0FA2B91326B00433AB2 /* VoucherViewModel.swift */; };
		E964B0FD2B91F6A400433AB2 /* AddVoucherSheet.swift in Sources */ = {isa = PBXBuildFile; fileRef = E964B0FC2B91F6A400433AB2 /* AddVoucherSheet.swift */; };
		E964B0FF2B92633200433AB2 /* VoucherSelectButtonComponent.swift in Sources */ = {isa = PBXBuildFile; fileRef = E964B0FE2B92633200433AB2 /* VoucherSelectButtonComponent.swift */; };
		E964B1012B9368C500433AB2 /* VoucherSelectView.swift in Sources */ = {isa = PBXBuildFile; fileRef = E964B1002B9368C500433AB2 /* VoucherSelectView.swift */; };
		E969B0C42892D57500E22690 /* AddEntryView.swift in Sources */ = {isa = PBXBuildFile; fileRef = E969B0C32892D57500E22690 /* AddEntryView.swift */; };
		E9715409289D73F200889084 /* DataSendPhase.swift in Sources */ = {isa = PBXBuildFile; fileRef = E9715408289D73F200889084 /* DataSendPhase.swift */; };
		E9AACA352853AC23005F30FE /* PagingData.swift in Sources */ = {isa = PBXBuildFile; fileRef = E9AACA342853AC23005F30FE /* PagingData.swift */; };
		E9AACA3A2853DFB5005F30FE /* NetworkActivityIndicatorManager.swift in Sources */ = {isa = PBXBuildFile; fileRef = E9AACA392853DFB5005F30FE /* NetworkActivityIndicatorManager.swift */; };
		E9AF311C2B7942370051DD0B /* NewListView.swift in Sources */ = {isa = PBXBuildFile; fileRef = E9AF311B2B7942370051DD0B /* NewListView.swift */; };
		E9BA8D6E2847B22F009838C4 /* Cache.swift in Sources */ = {isa = PBXBuildFile; fileRef = E9BA8D6D2847B22F009838C4 /* Cache.swift */; };
		E9BA8D702847B255009838C4 /* KeysTracker.swift in Sources */ = {isa = PBXBuildFile; fileRef = E9BA8D6F2847B255009838C4 /* KeysTracker.swift */; };
		E9BA8D732847B73D009838C4 /* LogbookAPI.swift in Sources */ = {isa = PBXBuildFile; fileRef = E9BA8D722847B73D009838C4 /* LogbookAPI.swift */; };
		E9BA8D752847B8AE009838C4 /* ApiSession.swift in Sources */ = {isa = PBXBuildFile; fileRef = E9BA8D742847B8AE009838C4 /* ApiSession.swift */; };
		E9C2D5A92B979E2B004AEA58 /* View+Extension.swift in Sources */ = {isa = PBXBuildFile; fileRef = E9C2D5A82B979E2B004AEA58 /* View+Extension.swift */; };
		E9C2D5AB2B979F41004AEA58 /* Color+Extension.swift in Sources */ = {isa = PBXBuildFile; fileRef = E9C2D5AA2B979F41004AEA58 /* Color+Extension.swift */; };
		E9C2D5AE2B979FB6004AEA58 /* Collection+Extension.swift in Sources */ = {isa = PBXBuildFile; fileRef = E9C2D5AD2B979FB6004AEA58 /* Collection+Extension.swift */; };
		E9C2D5B22B97A4A5004AEA58 /* Double+Extension.swift in Sources */ = {isa = PBXBuildFile; fileRef = E9C2D5B12B97A4A5004AEA58 /* Double+Extension.swift */; };
		E9C2D5B42B97A56C004AEA58 /* Array+Extension.swift in Sources */ = {isa = PBXBuildFile; fileRef = E9C2D5B32B97A56C004AEA58 /* Array+Extension.swift */; };
		E9C2D5B92B97A9A1004AEA58 /* TextField+Extension.swift in Sources */ = {isa = PBXBuildFile; fileRef = E9C2D5B82B97A9A1004AEA58 /* TextField+Extension.swift */; };
		E9C2D5BE2B97AF72004AEA58 /* TabItem.swift in Sources */ = {isa = PBXBuildFile; fileRef = E9C2D5BD2B97AF72004AEA58 /* TabItem.swift */; };
		E9C2D5C02B97B1A8004AEA58 /* Utils.swift in Sources */ = {isa = PBXBuildFile; fileRef = E9C2D5BF2B97B1A8004AEA58 /* Utils.swift */; };
		E9C2D5C52B97B3B8004AEA58 /* StatsTitleComponent.swift in Sources */ = {isa = PBXBuildFile; fileRef = E9C2D5C42B97B3B8004AEA58 /* StatsTitleComponent.swift */; };
		E9C2D5C72B97B4BF004AEA58 /* Sequenz+Extension.swift in Sources */ = {isa = PBXBuildFile; fileRef = E9C2D5C62B97B4BF004AEA58 /* Sequenz+Extension.swift */; };
		E9C2D5CA2B97B88D004AEA58 /* AddInfoDetailStackCompoent.swift in Sources */ = {isa = PBXBuildFile; fileRef = E9C2D5C92B97B88D004AEA58 /* AddInfoDetailStackCompoent.swift */; };
		E9C2D5CE2B97BD4A004AEA58 /* AddInfoDetailItemComponent.swift in Sources */ = {isa = PBXBuildFile; fileRef = E9C2D5CD2B97BD4A004AEA58 /* AddInfoDetailItemComponent.swift */; };
		E9D2BB09284278E5009EC7C5 /* Animation+Extension.swift in Sources */ = {isa = PBXBuildFile; fileRef = E9D2BB08284278E5009EC7C5 /* Animation+Extension.swift */; };
		E9D2BB1C2843F977009EC7C5 /* CircularView.swift in Sources */ = {isa = PBXBuildFile; fileRef = E9D2BB1B2843F977009EC7C5 /* CircularView.swift */; };
		E9F32ED12B45AFA90003303C /* LogbookRefuelReceive.swift in Sources */ = {isa = PBXBuildFile; fileRef = E9F32ED02B45AFA90003303C /* LogbookRefuelReceive.swift */; };
		E9F32ED32B45BCBB0003303C /* refuellogbooks.json in Resources */ = {isa = PBXBuildFile; fileRef = E9F32ED22B45B3B60003303C /* refuellogbooks.json */; };
		E9F32ED52B45C8740003303C /* BarChart.swift in Sources */ = {isa = PBXBuildFile; fileRef = E9F32ED42B45C8740003303C /* BarChart.swift */; };
		E9F32ED72B45CF4F0003303C /* ChartAnnotation.swift in Sources */ = {isa = PBXBuildFile; fileRef = E9F32ED62B45CF4F0003303C /* ChartAnnotation.swift */; };
		E9FFA23A2B567F1A00634E49 /* WrongFuelHelp.swift in Sources */ = {isa = PBXBuildFile; fileRef = E9FFA2392B567F1A00634E49 /* WrongFuelHelp.swift */; };
/* End PBXBuildFile section */

/* Begin PBXCopyFilesBuildPhase section */
		E9C254442B01398300F3BBAA /* Embed Frameworks */ = {
			isa = PBXCopyFilesBuildPhase;
			buildActionMask = 2147483647;
			dstPath = "";
			dstSubfolderSpec = 10;
			files = (
			);
			name = "Embed Frameworks";
			runOnlyForDeploymentPostprocessing = 0;
		};
/* End PBXCopyFilesBuildPhase section */

/* Begin PBXFileReference section */
		E90523122B7E55140044B399 /* ListContent.swift */ = {isa = PBXFileReference; lastKnownFileType = sourcecode.swift; path = ListContent.swift; sourceTree = "<group>"; };
		E90523142B7E58650044B399 /* AddLogbookButton.swift */ = {isa = PBXFileReference; lastKnownFileType = sourcecode.swift; path = AddLogbookButton.swift; sourceTree = "<group>"; };
		E908C1932B823EC50009C954 /* SegmentControlContainer.swift */ = {isa = PBXFileReference; lastKnownFileType = sourcecode.swift; path = SegmentControlContainer.swift; sourceTree = "<group>"; };
		E908C1952B8253F30009C954 /* AlertHelper.swift */ = {isa = PBXFileReference; lastKnownFileType = sourcecode.swift; path = AlertHelper.swift; sourceTree = "<group>"; };
		E908C1972B82581B0009C954 /* DarkCloseButton.swift */ = {isa = PBXFileReference; lastKnownFileType = sourcecode.swift; path = DarkCloseButton.swift; sourceTree = "<group>"; };
		E91095C62841306400C1334E /* TabBar.swift */ = {isa = PBXFileReference; lastKnownFileType = sourcecode.swift; path = TabBar.swift; sourceTree = "<group>"; };
		E91AFA0B283FD09F0024131D /* Logbook.app */ = {isa = PBXFileReference; explicitFileType = wrapper.application; includeInIndex = 0; path = Logbook.app; sourceTree = BUILT_PRODUCTS_DIR; };
		E91AFA0E283FD09F0024131D /* LogbookApp.swift */ = {isa = PBXFileReference; lastKnownFileType = sourcecode.swift; path = LogbookApp.swift; sourceTree = "<group>"; };
		E91AFA10283FD09F0024131D /* ContentView.swift */ = {isa = PBXFileReference; lastKnownFileType = sourcecode.swift; path = ContentView.swift; sourceTree = "<group>"; };
		E91AFA12283FD0A10024131D /* Assets.xcassets */ = {isa = PBXFileReference; lastKnownFileType = folder.assetcatalog; path = Assets.xcassets; sourceTree = "<group>"; };
		E91AFA15283FD0A10024131D /* Preview Assets.xcassets */ = {isa = PBXFileReference; lastKnownFileType = folder.assetcatalog; path = "Preview Assets.xcassets"; sourceTree = "<group>"; };
		E91AFA25283FD13D0024131D /* CacheEntry.swift */ = {isa = PBXFileReference; lastKnownFileType = sourcecode.swift; path = CacheEntry.swift; sourceTree = "<group>"; };
		E91AFA27283FD1FC0024131D /* CacheImplementation.swift */ = {isa = PBXFileReference; lastKnownFileType = sourcecode.swift; path = CacheImplementation.swift; sourceTree = "<group>"; };
		E91AFA2F283FD6230024131D /* DataFetchPhase.swift */ = {isa = PBXFileReference; lastKnownFileType = sourcecode.swift; path = DataFetchPhase.swift; sourceTree = "<group>"; };
		E91AFA31283FD7020024131D /* LogbookEntry.swift */ = {isa = PBXFileReference; lastKnownFileType = sourcecode.swift; path = LogbookEntry.swift; sourceTree = "<group>"; };
		E91AFA33283FD9930024131D /* LogbookAPIResponse.swift */ = {isa = PBXFileReference; lastKnownFileType = sourcecode.swift; path = LogbookAPIResponse.swift; sourceTree = "<group>"; };
		E91AFA35283FE5E70024131D /* logbooks.json */ = {isa = PBXFileReference; lastKnownFileType = text.json; path = logbooks.json; sourceTree = "<group>"; };
		E91AFA3B28400B260024131D /* LogbooksViewModel.swift */ = {isa = PBXFileReference; lastKnownFileType = sourcecode.swift; path = LogbooksViewModel.swift; sourceTree = "<group>"; };
		E91AFA3D28400D180024131D /* EmptyPlaceholderView.swift */ = {isa = PBXFileReference; lastKnownFileType = sourcecode.swift; path = EmptyPlaceholderView.swift; sourceTree = "<group>"; };
		E91AFA3F28400DC90024131D /* RetryView.swift */ = {isa = PBXFileReference; lastKnownFileType = sourcecode.swift; path = RetryView.swift; sourceTree = "<group>"; };
		E91AFA42284016BE0024131D /* CustomProgressView.swift */ = {isa = PBXFileReference; lastKnownFileType = sourcecode.swift; path = CustomProgressView.swift; sourceTree = "<group>"; };
		E91AFA4B284129F30024131D /* Shapes.swift */ = {isa = PBXFileReference; lastKnownFileType = sourcecode.swift; path = Shapes.swift; sourceTree = "<group>"; };
		E920B5FA285647B900683D67 /* SettingsAnimatedBlobComponent.swift */ = {isa = PBXFileReference; lastKnownFileType = sourcecode.swift; path = SettingsAnimatedBlobComponent.swift; sourceTree = "<group>"; };
		E920B5FC285647E900683D67 /* SettingsHexagonComponent.swift */ = {isa = PBXFileReference; lastKnownFileType = sourcecode.swift; path = SettingsHexagonComponent.swift; sourceTree = "<group>"; };
		E920B5FE2856480800683D67 /* SettingsView.swift */ = {isa = PBXFileReference; lastKnownFileType = sourcecode.swift; path = SettingsView.swift; sourceTree = "<group>"; };
		E9227BA72B41B85300589E64 /* RefuelView.swift */ = {isa = PBXFileReference; lastKnownFileType = sourcecode.swift; path = RefuelView.swift; sourceTree = "<group>"; };
		E9227BA92B41B85B00589E64 /* ServiceView.swift */ = {isa = PBXFileReference; lastKnownFileType = sourcecode.swift; path = ServiceView.swift; sourceTree = "<group>"; };
		E9227BAC2B41B87600589E64 /* MassTextField.swift */ = {isa = PBXFileReference; fileEncoding = 4; lastKnownFileType = sourcecode.swift; path = MassTextField.swift; sourceTree = "<group>"; };
		E9227BAD2B41B87600589E64 /* CurrencyUITextField.swift */ = {isa = PBXFileReference; fileEncoding = 4; lastKnownFileType = sourcecode.swift; path = CurrencyUITextField.swift; sourceTree = "<group>"; };
		E9227BAF2B41B87700589E64 /* MassUITextField.swift */ = {isa = PBXFileReference; fileEncoding = 4; lastKnownFileType = sourcecode.swift; path = MassUITextField.swift; sourceTree = "<group>"; };
		E9227BB42B41B89000589E64 /* CurrencyTextField.swift */ = {isa = PBXFileReference; fileEncoding = 4; lastKnownFileType = sourcecode.swift; path = CurrencyTextField.swift; sourceTree = "<group>"; };
		E9227BBA2B433CBB00589E64 /* MileAgeComponent.swift */ = {isa = PBXFileReference; lastKnownFileType = sourcecode.swift; path = MileAgeComponent.swift; sourceTree = "<group>"; };
		E9227BBC2B433E0100589E64 /* DetailsComponent.swift */ = {isa = PBXFileReference; lastKnownFileType = sourcecode.swift; path = DetailsComponent.swift; sourceTree = "<group>"; };
		E9227BBE2B433FC400589E64 /* DVDComponent.swift */ = {isa = PBXFileReference; lastKnownFileType = sourcecode.swift; path = DVDComponent.swift; sourceTree = "<group>"; };
		E9227BC22B4345AE00589E64 /* EntrySubmitComponent.swift */ = {isa = PBXFileReference; lastKnownFileType = sourcecode.swift; path = EntrySubmitComponent.swift; sourceTree = "<group>"; };
		E9227BC42B434A4800589E64 /* AddInfoSelectComponent.swift */ = {isa = PBXFileReference; lastKnownFileType = sourcecode.swift; path = AddInfoSelectComponent.swift; sourceTree = "<group>"; };
		E9227BC62B43510B00589E64 /* AddInfoButtonComponent.swift */ = {isa = PBXFileReference; lastKnownFileType = sourcecode.swift; path = AddInfoButtonComponent.swift; sourceTree = "<group>"; };
		E9227BC92B43539800589E64 /* AddInfoSection.swift */ = {isa = PBXFileReference; lastKnownFileType = sourcecode.swift; path = AddInfoSection.swift; sourceTree = "<group>"; };
		E92F54BA287DDE76008A72AF /* GasStationAPI.swift */ = {isa = PBXFileReference; lastKnownFileType = sourcecode.swift; path = GasStationAPI.swift; sourceTree = "<group>"; };
		E934BD402B7D109400912B8C /* Logbook.entitlements */ = {isa = PBXFileReference; fileEncoding = 4; lastKnownFileType = text.plist.entitlements; path = Logbook.entitlements; sourceTree = "<group>"; };
		E937B8252B55AC1100DC073A /* RefuelInfo.swift */ = {isa = PBXFileReference; lastKnownFileType = sourcecode.swift; path = RefuelInfo.swift; sourceTree = "<group>"; };
		E937B8272B55AFA200DC073A /* RefuelInfoList.swift */ = {isa = PBXFileReference; lastKnownFileType = sourcecode.swift; path = RefuelInfoList.swift; sourceTree = "<group>"; };
		E937B8292B55BB1B00DC073A /* VehicleFuelList.swift */ = {isa = PBXFileReference; lastKnownFileType = sourcecode.swift; path = VehicleFuelList.swift; sourceTree = "<group>"; };
		E93872A028638D800009F0F1 /* GasStationItem.swift */ = {isa = PBXFileReference; lastKnownFileType = sourcecode.swift; path = GasStationItem.swift; sourceTree = "<group>"; };
		E940E8BA28426A64009F1225 /* NetworkReachability.swift */ = {isa = PBXFileReference; lastKnownFileType = sourcecode.swift; path = NetworkReachability.swift; sourceTree = "<group>"; };
		E940E8BD28426E50009F1225 /* LightCloseButton.swift */ = {isa = PBXFileReference; lastKnownFileType = sourcecode.swift; path = LightCloseButton.swift; sourceTree = "<group>"; };
		E940E8C028426EFA009F1225 /* Modifiers.swift */ = {isa = PBXFileReference; lastKnownFileType = sourcecode.swift; path = Modifiers.swift; sourceTree = "<group>"; };
		E940E8C228427232009F1225 /* Model.swift */ = {isa = PBXFileReference; lastKnownFileType = sourcecode.swift; path = Model.swift; sourceTree = "<group>"; };
		E940E8C52842738E009F1225 /* PreferenceKey.swift */ = {isa = PBXFileReference; lastKnownFileType = sourcecode.swift; path = PreferenceKey.swift; sourceTree = "<group>"; };
		E94324B8292D357E0083FFD1 /* ChartViewModel.swift */ = {isa = PBXFileReference; lastKnownFileType = sourcecode.swift; path = ChartViewModel.swift; sourceTree = "<group>"; };
		E94A0CFA284F97AA00693352 /* EntryView.swift */ = {isa = PBXFileReference; lastKnownFileType = sourcecode.swift; path = EntryView.swift; sourceTree = "<group>"; };
		E94A0CFE284FA96700693352 /* EntryItem.swift */ = {isa = PBXFileReference; lastKnownFileType = sourcecode.swift; path = EntryItem.swift; sourceTree = "<group>"; };
		E94A769B28591AA600BCA71A /* AdditionalInfoImageComponent.swift */ = {isa = PBXFileReference; lastKnownFileType = sourcecode.swift; path = AdditionalInfoImageComponent.swift; sourceTree = "<group>"; };
		E957A296285F88DB00464FB0 /* GasStationViewModel.swift */ = {isa = PBXFileReference; lastKnownFileType = sourcecode.swift; path = GasStationViewModel.swift; sourceTree = "<group>"; };
		E957A29C285F91BA00464FB0 /* HeadingIndicatorContainer.swift */ = {isa = PBXFileReference; lastKnownFileType = sourcecode.swift; path = HeadingIndicatorContainer.swift; sourceTree = "<group>"; };
		E957A29E285F921900464FB0 /* LocationManager.swift */ = {isa = PBXFileReference; lastKnownFileType = sourcecode.swift; path = LocationManager.swift; sourceTree = "<group>"; };
		E95D87AE28A03BAC0078EA7C /* IconNames.swift */ = {isa = PBXFileReference; lastKnownFileType = sourcecode.swift; path = IconNames.swift; sourceTree = "<group>"; };
		E961ACA628948EDD00C6FCC8 /* NewEntryViewModel.swift */ = {isa = PBXFileReference; lastKnownFileType = sourcecode.swift; path = NewEntryViewModel.swift; sourceTree = "<group>"; };
		E962E5C5285E3D8600F6B4D6 /* CircularIconProgressContainer.swift */ = {isa = PBXFileReference; lastKnownFileType = sourcecode.swift; path = CircularIconProgressContainer.swift; sourceTree = "<group>"; };
		E962E5CA285E440A00F6B4D6 /* GasStationEntry.swift */ = {isa = PBXFileReference; lastKnownFileType = sourcecode.swift; path = GasStationEntry.swift; sourceTree = "<group>"; };
		E962E5CD285E465E00F6B4D6 /* GasStationsView.swift */ = {isa = PBXFileReference; lastKnownFileType = sourcecode.swift; path = GasStationsView.swift; sourceTree = "<group>"; };
		E962E5CF285E4DCA00F6B4D6 /* gasstations.json */ = {isa = PBXFileReference; fileEncoding = 4; lastKnownFileType = text.json; path = gasstations.json; sourceTree = "<group>"; };
		E962E5D1285E5E4000F6B4D6 /* GasStationPriceComponent.swift */ = {isa = PBXFileReference; lastKnownFileType = sourcecode.swift; path = GasStationPriceComponent.swift; sourceTree = "<group>"; };
		E964B0F42B910FBA00433AB2 /* VoucherView.swift */ = {isa = PBXFileReference; lastKnownFileType = sourcecode.swift; path = VoucherView.swift; sourceTree = "<group>"; };
		E964B0F62B910FD100433AB2 /* Voucher.swift */ = {isa = PBXFileReference; lastKnownFileType = sourcecode.swift; path = Voucher.swift; sourceTree = "<group>"; };
		E964B0F82B91122600433AB2 /* vouchers.json */ = {isa = PBXFileReference; lastKnownFileType = text.json; path = vouchers.json; sourceTree = "<group>"; };
		E964B0FA2B91326B00433AB2 /* VoucherViewModel.swift */ = {isa = PBXFileReference; lastKnownFileType = sourcecode.swift; path = VoucherViewModel.swift; sourceTree = "<group>"; };
		E964B0FC2B91F6A400433AB2 /* AddVoucherSheet.swift */ = {isa = PBXFileReference; lastKnownFileType = sourcecode.swift; path = AddVoucherSheet.swift; sourceTree = "<group>"; };
		E964B0FE2B92633200433AB2 /* VoucherSelectButtonComponent.swift */ = {isa = PBXFileReference; lastKnownFileType = sourcecode.swift; path = VoucherSelectButtonComponent.swift; sourceTree = "<group>"; };
		E964B1002B9368C500433AB2 /* VoucherSelectView.swift */ = {isa = PBXFileReference; lastKnownFileType = sourcecode.swift; path = VoucherSelectView.swift; sourceTree = "<group>"; };
		E969B0C32892D57500E22690 /* AddEntryView.swift */ = {isa = PBXFileReference; lastKnownFileType = sourcecode.swift; path = AddEntryView.swift; sourceTree = "<group>"; };
		E9715408289D73F200889084 /* DataSendPhase.swift */ = {isa = PBXFileReference; lastKnownFileType = sourcecode.swift; path = DataSendPhase.swift; sourceTree = "<group>"; };
		E9AACA342853AC23005F30FE /* PagingData.swift */ = {isa = PBXFileReference; lastKnownFileType = sourcecode.swift; path = PagingData.swift; sourceTree = "<group>"; };
		E9AACA392853DFB5005F30FE /* NetworkActivityIndicatorManager.swift */ = {isa = PBXFileReference; lastKnownFileType = sourcecode.swift; path = NetworkActivityIndicatorManager.swift; sourceTree = "<group>"; };
		E9AF311B2B7942370051DD0B /* NewListView.swift */ = {isa = PBXFileReference; lastKnownFileType = sourcecode.swift; path = NewListView.swift; sourceTree = "<group>"; };
		E9BA8D6D2847B22F009838C4 /* Cache.swift */ = {isa = PBXFileReference; lastKnownFileType = sourcecode.swift; path = Cache.swift; sourceTree = "<group>"; };
		E9BA8D6F2847B255009838C4 /* KeysTracker.swift */ = {isa = PBXFileReference; lastKnownFileType = sourcecode.swift; path = KeysTracker.swift; sourceTree = "<group>"; };
		E9BA8D722847B73D009838C4 /* LogbookAPI.swift */ = {isa = PBXFileReference; lastKnownFileType = sourcecode.swift; path = LogbookAPI.swift; sourceTree = "<group>"; };
		E9BA8D742847B8AE009838C4 /* ApiSession.swift */ = {isa = PBXFileReference; lastKnownFileType = sourcecode.swift; path = ApiSession.swift; sourceTree = "<group>"; };
		E9C2D5A82B979E2B004AEA58 /* View+Extension.swift */ = {isa = PBXFileReference; lastKnownFileType = sourcecode.swift; path = "View+Extension.swift"; sourceTree = "<group>"; };
		E9C2D5AA2B979F41004AEA58 /* Color+Extension.swift */ = {isa = PBXFileReference; lastKnownFileType = sourcecode.swift; path = "Color+Extension.swift"; sourceTree = "<group>"; };
		E9C2D5AD2B979FB6004AEA58 /* Collection+Extension.swift */ = {isa = PBXFileReference; lastKnownFileType = sourcecode.swift; path = "Collection+Extension.swift"; sourceTree = "<group>"; };
		E9C2D5B12B97A4A5004AEA58 /* Double+Extension.swift */ = {isa = PBXFileReference; lastKnownFileType = sourcecode.swift; path = "Double+Extension.swift"; sourceTree = "<group>"; };
		E9C2D5B32B97A56C004AEA58 /* Array+Extension.swift */ = {isa = PBXFileReference; lastKnownFileType = sourcecode.swift; path = "Array+Extension.swift"; sourceTree = "<group>"; };
		E9C2D5B82B97A9A1004AEA58 /* TextField+Extension.swift */ = {isa = PBXFileReference; lastKnownFileType = sourcecode.swift; path = "TextField+Extension.swift"; sourceTree = "<group>"; };
		E9C2D5BD2B97AF72004AEA58 /* TabItem.swift */ = {isa = PBXFileReference; lastKnownFileType = sourcecode.swift; path = TabItem.swift; sourceTree = "<group>"; };
		E9C2D5BF2B97B1A8004AEA58 /* Utils.swift */ = {isa = PBXFileReference; lastKnownFileType = sourcecode.swift; path = Utils.swift; sourceTree = "<group>"; };
		E9C2D5C42B97B3B8004AEA58 /* StatsTitleComponent.swift */ = {isa = PBXFileReference; lastKnownFileType = sourcecode.swift; path = StatsTitleComponent.swift; sourceTree = "<group>"; };
		E9C2D5C62B97B4BF004AEA58 /* Sequenz+Extension.swift */ = {isa = PBXFileReference; lastKnownFileType = sourcecode.swift; path = "Sequenz+Extension.swift"; sourceTree = "<group>"; };
		E9C2D5C92B97B88D004AEA58 /* AddInfoDetailStackCompoent.swift */ = {isa = PBXFileReference; lastKnownFileType = sourcecode.swift; path = AddInfoDetailStackCompoent.swift; sourceTree = "<group>"; };
		E9C2D5CD2B97BD4A004AEA58 /* AddInfoDetailItemComponent.swift */ = {isa = PBXFileReference; lastKnownFileType = sourcecode.swift; path = AddInfoDetailItemComponent.swift; sourceTree = "<group>"; };
		E9D2BB08284278E5009EC7C5 /* Animation+Extension.swift */ = {isa = PBXFileReference; lastKnownFileType = sourcecode.swift; path = "Animation+Extension.swift"; sourceTree = "<group>"; };
		E9D2BB1B2843F977009EC7C5 /* CircularView.swift */ = {isa = PBXFileReference; lastKnownFileType = sourcecode.swift; path = CircularView.swift; sourceTree = "<group>"; };
		E9F32ED02B45AFA90003303C /* LogbookRefuelReceive.swift */ = {isa = PBXFileReference; lastKnownFileType = sourcecode.swift; path = LogbookRefuelReceive.swift; sourceTree = "<group>"; };
		E9F32ED22B45B3B60003303C /* refuellogbooks.json */ = {isa = PBXFileReference; lastKnownFileType = text.json; path = refuellogbooks.json; sourceTree = "<group>"; };
		E9F32ED42B45C8740003303C /* BarChart.swift */ = {isa = PBXFileReference; lastKnownFileType = sourcecode.swift; path = BarChart.swift; sourceTree = "<group>"; };
		E9F32ED62B45CF4F0003303C /* ChartAnnotation.swift */ = {isa = PBXFileReference; lastKnownFileType = sourcecode.swift; path = ChartAnnotation.swift; sourceTree = "<group>"; };
		E9FFA2392B567F1A00634E49 /* WrongFuelHelp.swift */ = {isa = PBXFileReference; lastKnownFileType = sourcecode.swift; path = WrongFuelHelp.swift; sourceTree = "<group>"; };
/* End PBXFileReference section */

/* Begin PBXFrameworksBuildPhase section */
		E91AFA08283FD09F0024131D /* Frameworks */ = {
			isa = PBXFrameworksBuildPhase;
			buildActionMask = 2147483647;
			files = (
				E95862B9287B0D990017F2BA /* SwiftLocation in Frameworks */,
				E91AFA23283FD0D60024131D /* Alamofire in Frameworks */,
				E93F33AA2B4497BA00978042 /* AlertKit in Frameworks */,
				E908C19F2B82660D0009C954 /* SwiftUIIntrospect-Static in Frameworks */,
				E908C19B2B82660D0009C954 /* SwiftUIIntrospect in Frameworks */,
				E91AFA39283FE8B10024131D /* SwiftUI Extensions in Frameworks */,
				E93872AB286394670009F0F1 /* SwiftDate in Frameworks */,
			);
			runOnlyForDeploymentPostprocessing = 0;
		};
/* End PBXFrameworksBuildPhase section */

/* Begin PBXGroup section */
		E90523112B7E54FD0044B399 /* New */ = {
			isa = PBXGroup;
			children = (
				E94A0CFE284FA96700693352 /* EntryItem.swift */,
				E9AF311B2B7942370051DD0B /* NewListView.swift */,
				E90523122B7E55140044B399 /* ListContent.swift */,
				E90523142B7E58650044B399 /* AddLogbookButton.swift */,
			);
			path = New;
			sourceTree = "<group>";
		};
		E91AFA02283FD09F0024131D = {
			isa = PBXGroup;
			children = (
				E964B0F82B91122600433AB2 /* vouchers.json */,
				E9F32ED22B45B3B60003303C /* refuellogbooks.json */,
				E91AFA35283FE5E70024131D /* logbooks.json */,
				E962E5CF285E4DCA00F6B4D6 /* gasstations.json */,
				E91AFA0D283FD09F0024131D /* Logbook */,
				E91AFA0C283FD09F0024131D /* Products */,
			);
			sourceTree = "<group>";
		};
		E91AFA0C283FD09F0024131D /* Products */ = {
			isa = PBXGroup;
			children = (
				E91AFA0B283FD09F0024131D /* Logbook.app */,
			);
			name = Products;
			sourceTree = "<group>";
		};
		E91AFA0D283FD09F0024131D /* Logbook */ = {
			isa = PBXGroup;
			children = (
				E934BD402B7D109400912B8C /* Logbook.entitlements */,
				E91AFA10283FD09F0024131D /* ContentView.swift */,
				E91AFA0E283FD09F0024131D /* LogbookApp.swift */,
				E91AFA12283FD0A10024131D /* Assets.xcassets */,
				E91AFA412840161D0024131D /* Components */,
				E9C2D5A62B979E0A004AEA58 /* Extensions */,
				E91AFA2E283FD6130024131D /* Models */,
				E962E5C7285E42FB00F6B4D6 /* Network */,
				E91AFA14283FD0A10024131D /* Preview Content */,
				E940E8B928426A53009F1225 /* Utils */,
				E91AFA3A28400B110024131D /* ViewModels */,
				E91AFA29283FD4170024131D /* Views */,
			);
			path = Logbook;
			sourceTree = "<group>";
		};
		E91AFA14283FD0A10024131D /* Preview Content */ = {
			isa = PBXGroup;
			children = (
				E91AFA15283FD0A10024131D /* Preview Assets.xcassets */,
			);
			path = "Preview Content";
			sourceTree = "<group>";
		};
		E91AFA24283FD10B0024131D /* Cache */ = {
			isa = PBXGroup;
			children = (
				E91AFA25283FD13D0024131D /* CacheEntry.swift */,
				E91AFA27283FD1FC0024131D /* CacheImplementation.swift */,
				E9BA8D6D2847B22F009838C4 /* Cache.swift */,
				E9BA8D6F2847B255009838C4 /* KeysTracker.swift */,
			);
			path = Cache;
			sourceTree = "<group>";
		};
		E91AFA29283FD4170024131D /* Views */ = {
			isa = PBXGroup;
			children = (
				E9C2D5A42B979D02004AEA58 /* Settings */,
				E9C2D5A22B979CD2004AEA58 /* GasStation */,
				E97591EE2B3749AF008B543B /* Stats */,
				E9715407289D531500889084 /* Add */,
				E91AFA4428401BF70024131D /* List */,
				E962E5C8285E433500F6B4D6 /* Misc */,
			);
			path = Views;
			sourceTree = "<group>";
		};
		E91AFA2E283FD6130024131D /* Models */ = {
			isa = PBXGroup;
			children = (
				E940E8C428427380009F1225 /* UI */,
				E91AFA31283FD7020024131D /* LogbookEntry.swift */,
				E9F32ED02B45AFA90003303C /* LogbookRefuelReceive.swift */,
				E964B0F62B910FD100433AB2 /* Voucher.swift */,
				E962E5CA285E440A00F6B4D6 /* GasStationEntry.swift */,
			);
			path = Models;
			sourceTree = "<group>";
		};
		E91AFA3A28400B110024131D /* ViewModels */ = {
			isa = PBXGroup;
			children = (
				E91AFA3B28400B260024131D /* LogbooksViewModel.swift */,
				E957A296285F88DB00464FB0 /* GasStationViewModel.swift */,
				E961ACA628948EDD00C6FCC8 /* NewEntryViewModel.swift */,
				E94324B8292D357E0083FFD1 /* ChartViewModel.swift */,
				E964B0FA2B91326B00433AB2 /* VoucherViewModel.swift */,
			);
			path = ViewModels;
			sourceTree = "<group>";
		};
		E91AFA412840161D0024131D /* Components */ = {
			isa = PBXGroup;
			children = (
				E9C2D5C12B97B29A004AEA58 /* TextField */,
				E9C2D5BC2B97AF5A004AEA58 /* TabBar */,
				E9C2D5B62B97A6A5004AEA58 /* Container */,
				E940E8BC28426E37009F1225 /* Buttons */,
				E91AFA4B284129F30024131D /* Shapes.swift */,
				E940E8C028426EFA009F1225 /* Modifiers.swift */,
				E9D2BB1B2843F977009EC7C5 /* CircularView.swift */,
			);
			path = Components;
			sourceTree = "<group>";
		};
		E91AFA4428401BF70024131D /* List */ = {
			isa = PBXGroup;
			children = (
				E96259BF284F9755007D9479 /* Detail */,
				E90523112B7E54FD0044B399 /* New */,
			);
			path = List;
			sourceTree = "<group>";
		};
		E9227BB72B433C9D00589E64 /* Components */ = {
			isa = PBXGroup;
			children = (
				E964B1002B9368C500433AB2 /* VoucherSelectView.swift */,
				E964B0FE2B92633200433AB2 /* VoucherSelectButtonComponent.swift */,
				E9227BBA2B433CBB00589E64 /* MileAgeComponent.swift */,
				E9227BBC2B433E0100589E64 /* DetailsComponent.swift */,
				E9227BBE2B433FC400589E64 /* DVDComponent.swift */,
				E9227BC22B4345AE00589E64 /* EntrySubmitComponent.swift */,
			);
			path = Components;
			sourceTree = "<group>";
		};
		E9227BC82B43510F00589E64 /* AddInfo */ = {
			isa = PBXGroup;
			children = (
				E9C2D5C22B97B352004AEA58 /* Components */,
				E9227BA72B41B85300589E64 /* RefuelView.swift */,
				E9227BA92B41B85B00589E64 /* ServiceView.swift */,
			);
			path = AddInfo;
			sourceTree = "<group>";
		};
		E940E8B928426A53009F1225 /* Utils */ = {
			isa = PBXGroup;
			children = (
				E91AFA24283FD10B0024131D /* Cache */,
				E9AACA342853AC23005F30FE /* PagingData.swift */,
				E95D87AE28A03BAC0078EA7C /* IconNames.swift */,
				E908C1952B8253F30009C954 /* AlertHelper.swift */,
				E957A29E285F921900464FB0 /* LocationManager.swift */,
				E9C2D5BF2B97B1A8004AEA58 /* Utils.swift */,
			);
			path = Utils;
			sourceTree = "<group>";
		};
		E940E8BC28426E37009F1225 /* Buttons */ = {
			isa = PBXGroup;
			children = (
				E940E8BD28426E50009F1225 /* LightCloseButton.swift */,
				E908C1972B82581B0009C954 /* DarkCloseButton.swift */,
			);
			path = Buttons;
			sourceTree = "<group>";
		};
		E940E8C428427380009F1225 /* UI */ = {
			isa = PBXGroup;
			children = (
				E940E8C228427232009F1225 /* Model.swift */,
				E940E8C52842738E009F1225 /* PreferenceKey.swift */,
			);
			path = UI;
			sourceTree = "<group>";
		};
		E96259BF284F9755007D9479 /* Detail */ = {
			isa = PBXGroup;
			children = (
				E9C2D5C82B97B86C004AEA58 /* Components */,
				E94A0CFA284F97AA00693352 /* EntryView.swift */,
				E9227BC92B43539800589E64 /* AddInfoSection.swift */,
			);
			path = Detail;
			sourceTree = "<group>";
		};
		E962E5C7285E42FB00F6B4D6 /* Network */ = {
			isa = PBXGroup;
			children = (
				E9BA8D712847B72E009838C4 /* API */,
				E9AACA392853DFB5005F30FE /* NetworkActivityIndicatorManager.swift */,
				E940E8BA28426A64009F1225 /* NetworkReachability.swift */,
			);
			path = Network;
			sourceTree = "<group>";
		};
		E962E5C8285E433500F6B4D6 /* Misc */ = {
			isa = PBXGroup;
			children = (
				E91AFA42284016BE0024131D /* CustomProgressView.swift */,
				E91AFA3D28400D180024131D /* EmptyPlaceholderView.swift */,
				E91AFA3F28400DC90024131D /* RetryView.swift */,
				E937B8252B55AC1100DC073A /* RefuelInfo.swift */,
				E937B8272B55AFA200DC073A /* RefuelInfoList.swift */,
				E937B8292B55BB1B00DC073A /* VehicleFuelList.swift */,
				E9FFA2392B567F1A00634E49 /* WrongFuelHelp.swift */,
				E964B0F42B910FBA00433AB2 /* VoucherView.swift */,
				E964B0FC2B91F6A400433AB2 /* AddVoucherSheet.swift */,
			);
			path = Misc;
			sourceTree = "<group>";
		};
		E962E5C9285E43B400F6B4D6 /* Models */ = {
			isa = PBXGroup;
			children = (
				E91AFA2F283FD6230024131D /* DataFetchPhase.swift */,
				E9715408289D73F200889084 /* DataSendPhase.swift */,
				E91AFA33283FD9930024131D /* LogbookAPIResponse.swift */,
			);
			path = Models;
			sourceTree = "<group>";
		};
		E9715407289D531500889084 /* Add */ = {
			isa = PBXGroup;
			children = (
				E9227BC82B43510F00589E64 /* AddInfo */,
				E9227BB72B433C9D00589E64 /* Components */,
				E969B0C32892D57500E22690 /* AddEntryView.swift */,
			);
			path = Add;
			sourceTree = "<group>";
		};
		E97591EE2B3749AF008B543B /* Stats */ = {
			isa = PBXGroup;
			children = (
				E9C2D5C32B97B3AA004AEA58 /* Components */,
				E9F32ED42B45C8740003303C /* BarChart.swift */,
				E9F32ED62B45CF4F0003303C /* ChartAnnotation.swift */,
			);
			path = Stats;
			sourceTree = "<group>";
		};
		E9BA8D712847B72E009838C4 /* API */ = {
			isa = PBXGroup;
			children = (
				E962E5C9285E43B400F6B4D6 /* Models */,
				E9BA8D722847B73D009838C4 /* LogbookAPI.swift */,
				E9BA8D742847B8AE009838C4 /* ApiSession.swift */,
				E92F54BA287DDE76008A72AF /* GasStationAPI.swift */,
			);
			path = API;
			sourceTree = "<group>";
		};
		E9C2D5A22B979CD2004AEA58 /* GasStation */ = {
			isa = PBXGroup;
			children = (
				E962E5CD285E465E00F6B4D6 /* GasStationsView.swift */,
				E9C2D5A32B979CD9004AEA58 /* Components */,
			);
			path = GasStation;
			sourceTree = "<group>";
		};
		E9C2D5A32B979CD9004AEA58 /* Components */ = {
			isa = PBXGroup;
			children = (
				E93872A028638D800009F0F1 /* GasStationItem.swift */,
				E962E5D1285E5E4000F6B4D6 /* GasStationPriceComponent.swift */,
			);
			path = Components;
			sourceTree = "<group>";
		};
		E9C2D5A42B979D02004AEA58 /* Settings */ = {
			isa = PBXGroup;
			children = (
				E9C2D5A52B979D0B004AEA58 /* Components */,
				E920B5FE2856480800683D67 /* SettingsView.swift */,
			);
			path = Settings;
			sourceTree = "<group>";
		};
		E9C2D5A52B979D0B004AEA58 /* Components */ = {
			isa = PBXGroup;
			children = (
				E920B5FA285647B900683D67 /* SettingsAnimatedBlobComponent.swift */,
				E920B5FC285647E900683D67 /* SettingsHexagonComponent.swift */,
			);
			path = Components;
			sourceTree = "<group>";
		};
		E9C2D5A62B979E0A004AEA58 /* Extensions */ = {
			isa = PBXGroup;
			children = (
				E9D2BB08284278E5009EC7C5 /* Animation+Extension.swift */,
				E9C2D5A82B979E2B004AEA58 /* View+Extension.swift */,
				E9C2D5AA2B979F41004AEA58 /* Color+Extension.swift */,
				E9C2D5AD2B979FB6004AEA58 /* Collection+Extension.swift */,
				E9C2D5B12B97A4A5004AEA58 /* Double+Extension.swift */,
				E9C2D5B32B97A56C004AEA58 /* Array+Extension.swift */,
				E9C2D5B82B97A9A1004AEA58 /* TextField+Extension.swift */,
				E9C2D5C62B97B4BF004AEA58 /* Sequenz+Extension.swift */,
			);
			path = Extensions;
			sourceTree = "<group>";
		};
		E9C2D5B62B97A6A5004AEA58 /* Container */ = {
			isa = PBXGroup;
			children = (
				E957A29C285F91BA00464FB0 /* HeadingIndicatorContainer.swift */,
				E908C1932B823EC50009C954 /* SegmentControlContainer.swift */,
				E962E5C5285E3D8600F6B4D6 /* CircularIconProgressContainer.swift */,
			);
			path = Container;
			sourceTree = "<group>";
		};
		E9C2D5BC2B97AF5A004AEA58 /* TabBar */ = {
			isa = PBXGroup;
			children = (
				E91095C62841306400C1334E /* TabBar.swift */,
				E9C2D5BD2B97AF72004AEA58 /* TabItem.swift */,
			);
			path = TabBar;
			sourceTree = "<group>";
		};
		E9C2D5C12B97B29A004AEA58 /* TextField */ = {
			isa = PBXGroup;
			children = (
				E9227BB42B41B89000589E64 /* CurrencyTextField.swift */,
				E9227BAD2B41B87600589E64 /* CurrencyUITextField.swift */,
				E9227BAC2B41B87600589E64 /* MassTextField.swift */,
				E9227BAF2B41B87700589E64 /* MassUITextField.swift */,
			);
			path = TextField;
			sourceTree = "<group>";
		};
		E9C2D5C22B97B352004AEA58 /* Components */ = {
			isa = PBXGroup;
			children = (
				E94A769B28591AA600BCA71A /* AdditionalInfoImageComponent.swift */,
				E9227BC42B434A4800589E64 /* AddInfoSelectComponent.swift */,
				E9227BC62B43510B00589E64 /* AddInfoButtonComponent.swift */,
			);
			path = Components;
			sourceTree = "<group>";
		};
		E9C2D5C32B97B3AA004AEA58 /* Components */ = {
			isa = PBXGroup;
			children = (
				E9C2D5C42B97B3B8004AEA58 /* StatsTitleComponent.swift */,
			);
			path = Components;
			sourceTree = "<group>";
		};
		E9C2D5C82B97B86C004AEA58 /* Components */ = {
			isa = PBXGroup;
			children = (
				E9C2D5C92B97B88D004AEA58 /* AddInfoDetailStackCompoent.swift */,
				E9C2D5CD2B97BD4A004AEA58 /* AddInfoDetailItemComponent.swift */,
			);
			path = Components;
			sourceTree = "<group>";
		};
/* End PBXGroup section */

/* Begin PBXNativeTarget section */
		E91AFA0A283FD09F0024131D /* Logbook */ = {
			isa = PBXNativeTarget;
			buildConfigurationList = E91AFA1E283FD0A10024131D /* Build configuration list for PBXNativeTarget "Logbook" */;
			buildPhases = (
				E91AFA07283FD09F0024131D /* Sources */,
				E91AFA08283FD09F0024131D /* Frameworks */,
				E91AFA09283FD09F0024131D /* Resources */,
				E9C254442B01398300F3BBAA /* Embed Frameworks */,
			);
			buildRules = (
			);
			dependencies = (
			);
			name = Logbook;
			packageProductDependencies = (
				E91AFA22283FD0D60024131D /* Alamofire */,
				E91AFA38283FE8B10024131D /* SwiftUI Extensions */,
				E93872AA286394670009F0F1 /* SwiftDate */,
				E95862B8287B0D990017F2BA /* SwiftLocation */,
				E93F33A92B4497BA00978042 /* AlertKit */,
				E908C19A2B82660D0009C954 /* SwiftUIIntrospect */,
				E908C19E2B82660D0009C954 /* SwiftUIIntrospect-Static */,
			);
			productName = Logbook;
			productReference = E91AFA0B283FD09F0024131D /* Logbook.app */;
			productType = "com.apple.product-type.application";
		};
/* End PBXNativeTarget section */

/* Begin PBXProject section */
		E91AFA03283FD09F0024131D /* Project object */ = {
			isa = PBXProject;
			attributes = {
				BuildIndependentTargetsInParallel = 1;
				LastSwiftUpdateCheck = 1330;
				LastUpgradeCheck = 1510;
				TargetAttributes = {
					E91AFA0A283FD09F0024131D = {
						CreatedOnToolsVersion = 13.3.1;
					};
				};
			};
			buildConfigurationList = E91AFA06283FD09F0024131D /* Build configuration list for PBXProject "Logbook" */;
			compatibilityVersion = "Xcode 13.0";
			developmentRegion = en;
			hasScannedForEncodings = 0;
			knownRegions = (
				en,
				Base,
			);
			mainGroup = E91AFA02283FD09F0024131D;
			packageReferences = (
				E91AFA21283FD0D60024131D /* XCRemoteSwiftPackageReference "Alamofire" */,
				E91AFA37283FE8B10024131D /* XCRemoteSwiftPackageReference "SwiftUI-Extensions" */,
				E93872A9286394670009F0F1 /* XCRemoteSwiftPackageReference "SwiftDate" */,
				E95862B7287B0D990017F2BA /* XCRemoteSwiftPackageReference "SwiftLocationWHeading" */,
				E93F33A82B4497BA00978042 /* XCRemoteSwiftPackageReference "AlertKit" */,
				E908C1992B82660D0009C954 /* XCRemoteSwiftPackageReference "swiftui-introspect" */,
			);
			productRefGroup = E91AFA0C283FD09F0024131D /* Products */;
			projectDirPath = "";
			projectRoot = "";
			targets = (
				E91AFA0A283FD09F0024131D /* Logbook */,
			);
		};
/* End PBXProject section */

/* Begin PBXResourcesBuildPhase section */
		E91AFA09283FD09F0024131D /* Resources */ = {
			isa = PBXResourcesBuildPhase;
			buildActionMask = 2147483647;
			files = (
				E9F32ED32B45BCBB0003303C /* refuellogbooks.json in Resources */,
				E91AFA36283FE5E70024131D /* logbooks.json in Resources */,
				E962E5D0285E4DCA00F6B4D6 /* gasstations.json in Resources */,
				E91AFA16283FD0A10024131D /* Preview Assets.xcassets in Resources */,
				E91AFA13283FD0A10024131D /* Assets.xcassets in Resources */,
				E964B0F92B91122600433AB2 /* vouchers.json in Resources */,
			);
			runOnlyForDeploymentPostprocessing = 0;
		};
/* End PBXResourcesBuildPhase section */

/* Begin PBXSourcesBuildPhase section */
		E91AFA07283FD09F0024131D /* Sources */ = {
			isa = PBXSourcesBuildPhase;
			buildActionMask = 2147483647;
			files = (
				E940E8C328427232009F1225 /* Model.swift in Sources */,
				E9BA8D752847B8AE009838C4 /* ApiSession.swift in Sources */,
				E9227BC72B43510B00589E64 /* AddInfoButtonComponent.swift in Sources */,
				E9227BA82B41B85300589E64 /* RefuelView.swift in Sources */,
				E9227BB02B41B87700589E64 /* MassTextField.swift in Sources */,
				E9227BBB2B433CBB00589E64 /* MileAgeComponent.swift in Sources */,
				E9227BB12B41B87700589E64 /* CurrencyUITextField.swift in Sources */,
				E920B5FB285647B900683D67 /* SettingsAnimatedBlobComponent.swift in Sources */,
				E9C2D5C02B97B1A8004AEA58 /* Utils.swift in Sources */,
				E937B8262B55AC1100DC073A /* RefuelInfo.swift in Sources */,
				E91AFA32283FD7020024131D /* LogbookEntry.swift in Sources */,
				E9AF311C2B7942370051DD0B /* NewListView.swift in Sources */,
				E969B0C42892D57500E22690 /* AddEntryView.swift in Sources */,
				E957A297285F88DB00464FB0 /* GasStationViewModel.swift in Sources */,
				E9227BCA2B43539800589E64 /* AddInfoSection.swift in Sources */,
				E9FFA23A2B567F1A00634E49 /* WrongFuelHelp.swift in Sources */,
				E91AFA26283FD13D0024131D /* CacheEntry.swift in Sources */,
				E9C2D5A92B979E2B004AEA58 /* View+Extension.swift in Sources */,
				E9C2D5AB2B979F41004AEA58 /* Color+Extension.swift in Sources */,
				E962E5CE285E465E00F6B4D6 /* GasStationsView.swift in Sources */,
				E91AFA43284016BE0024131D /* CustomProgressView.swift in Sources */,
				E91AFA3C28400B260024131D /* LogbooksViewModel.swift in Sources */,
				E937B82A2B55BB1B00DC073A /* VehicleFuelList.swift in Sources */,
				E91AFA4028400DC90024131D /* RetryView.swift in Sources */,
				E9C2D5CE2B97BD4A004AEA58 /* AddInfoDetailItemComponent.swift in Sources */,
				E91AFA4C284129F30024131D /* Shapes.swift in Sources */,
				E9227BB32B41B87700589E64 /* MassUITextField.swift in Sources */,
				E964B0F72B910FD100433AB2 /* Voucher.swift in Sources */,
				E940E8C62842738E009F1225 /* PreferenceKey.swift in Sources */,
				E9F32ED12B45AFA90003303C /* LogbookRefuelReceive.swift in Sources */,
				E964B1012B9368C500433AB2 /* VoucherSelectView.swift in Sources */,
				E94A0CFB284F97AA00693352 /* EntryView.swift in Sources */,
				E9C2D5B42B97A56C004AEA58 /* Array+Extension.swift in Sources */,
				E9227BBD2B433E0100589E64 /* DetailsComponent.swift in Sources */,
				E9BA8D732847B73D009838C4 /* LogbookAPI.swift in Sources */,
				E962E5C6285E3D8600F6B4D6 /* CircularIconProgressContainer.swift in Sources */,
				E908C1962B8253F30009C954 /* AlertHelper.swift in Sources */,
				E940E8C128426EFA009F1225 /* Modifiers.swift in Sources */,
				E9C2D5C72B97B4BF004AEA58 /* Sequenz+Extension.swift in Sources */,
				E9227BBF2B433FC400589E64 /* DVDComponent.swift in Sources */,
				E92F54BB287DDE76008A72AF /* GasStationAPI.swift in Sources */,
				E91AFA11283FD09F0024131D /* ContentView.swift in Sources */,
				E95D87AF28A03BAC0078EA7C /* IconNames.swift in Sources */,
				E962E5CB285E440A00F6B4D6 /* GasStationEntry.swift in Sources */,
				E9227BAA2B41B85B00589E64 /* ServiceView.swift in Sources */,
				E961ACA728948EDD00C6FCC8 /* NewEntryViewModel.swift in Sources */,
				E937B8282B55AFA200DC073A /* RefuelInfoList.swift in Sources */,
				E9F32ED72B45CF4F0003303C /* ChartAnnotation.swift in Sources */,
				E9D2BB1C2843F977009EC7C5 /* CircularView.swift in Sources */,
				E9227BC32B4345AE00589E64 /* EntrySubmitComponent.swift in Sources */,
				E908C1982B82581B0009C954 /* DarkCloseButton.swift in Sources */,
				E93872A128638D800009F0F1 /* GasStationItem.swift in Sources */,
				E9227BC52B434A4800589E64 /* AddInfoSelectComponent.swift in Sources */,
				E9C2D5B22B97A4A5004AEA58 /* Double+Extension.swift in Sources */,
				E957A29D285F91BA00464FB0 /* HeadingIndicatorContainer.swift in Sources */,
				E9C2D5B92B97A9A1004AEA58 /* TextField+Extension.swift in Sources */,
				E920B5FF2856480800683D67 /* SettingsView.swift in Sources */,
				E964B0FB2B91326B00433AB2 /* VoucherViewModel.swift in Sources */,
				E9C2D5BE2B97AF72004AEA58 /* TabItem.swift in Sources */,
				E9BA8D6E2847B22F009838C4 /* Cache.swift in Sources */,
				E9227BB52B41B89000589E64 /* CurrencyTextField.swift in Sources */,
				E9F32ED52B45C8740003303C /* BarChart.swift in Sources */,
				E9AACA3A2853DFB5005F30FE /* NetworkActivityIndicatorManager.swift in Sources */,
				E9715409289D73F200889084 /* DataSendPhase.swift in Sources */,
				E940E8BE28426E50009F1225 /* LightCloseButton.swift in Sources */,
				E9AACA352853AC23005F30FE /* PagingData.swift in Sources */,
				E94A0CFF284FA96700693352 /* EntryItem.swift in Sources */,
				E9C2D5C52B97B3B8004AEA58 /* StatsTitleComponent.swift in Sources */,
				E91AFA0F283FD09F0024131D /* LogbookApp.swift in Sources */,
				E964B0F52B910FBA00433AB2 /* VoucherView.swift in Sources */,
				E94324B9292D357E0083FFD1 /* ChartViewModel.swift in Sources */,
				E94A769C28591AA600BCA71A /* AdditionalInfoImageComponent.swift in Sources */,
				E964B0FD2B91F6A400433AB2 /* AddVoucherSheet.swift in Sources */,
				E9C2D5AE2B979FB6004AEA58 /* Collection+Extension.swift in Sources */,
				E9BA8D702847B255009838C4 /* KeysTracker.swift in Sources */,
				E962E5D2285E5E4100F6B4D6 /* GasStationPriceComponent.swift in Sources */,
				E91AFA3E28400D180024131D /* EmptyPlaceholderView.swift in Sources */,
				E90523152B7E58650044B399 /* AddLogbookButton.swift in Sources */,
				E91AFA30283FD6230024131D /* DataFetchPhase.swift in Sources */,
				E91AFA28283FD1FC0024131D /* CacheImplementation.swift in Sources */,
				E91095C72841306400C1334E /* TabBar.swift in Sources */,
				E90523132B7E55140044B399 /* ListContent.swift in Sources */,
				E9D2BB09284278E5009EC7C5 /* Animation+Extension.swift in Sources */,
				E964B0FF2B92633200433AB2 /* VoucherSelectButtonComponent.swift in Sources */,
				E957A29F285F921900464FB0 /* LocationManager.swift in Sources */,
				E91AFA34283FD9930024131D /* LogbookAPIResponse.swift in Sources */,
				E940E8BB28426A64009F1225 /* NetworkReachability.swift in Sources */,
				E920B5FD285647E900683D67 /* SettingsHexagonComponent.swift in Sources */,
				E9C2D5CA2B97B88D004AEA58 /* AddInfoDetailStackCompoent.swift in Sources */,
				E908C1942B823EC50009C954 /* SegmentControlContainer.swift in Sources */,
			);
			runOnlyForDeploymentPostprocessing = 0;
		};
/* End PBXSourcesBuildPhase section */

/* Begin XCBuildConfiguration section */
		E91AFA1C283FD0A10024131D /* Debug */ = {
			isa = XCBuildConfiguration;
			buildSettings = {
				ALWAYS_SEARCH_USER_PATHS = NO;
				ASSETCATALOG_COMPILER_GENERATE_SWIFT_ASSET_SYMBOL_EXTENSIONS = YES;
				CLANG_ANALYZER_NONNULL = YES;
				CLANG_ANALYZER_NUMBER_OBJECT_CONVERSION = YES_AGGRESSIVE;
				CLANG_CXX_LANGUAGE_STANDARD = "gnu++17";
				CLANG_ENABLE_MODULES = YES;
				CLANG_ENABLE_OBJC_ARC = YES;
				CLANG_ENABLE_OBJC_WEAK = YES;
				CLANG_WARN_BLOCK_CAPTURE_AUTORELEASING = YES;
				CLANG_WARN_BOOL_CONVERSION = YES;
				CLANG_WARN_COMMA = YES;
				CLANG_WARN_CONSTANT_CONVERSION = YES;
				CLANG_WARN_DEPRECATED_OBJC_IMPLEMENTATIONS = YES;
				CLANG_WARN_DIRECT_OBJC_ISA_USAGE = YES_ERROR;
				CLANG_WARN_DOCUMENTATION_COMMENTS = YES;
				CLANG_WARN_EMPTY_BODY = YES;
				CLANG_WARN_ENUM_CONVERSION = YES;
				CLANG_WARN_INFINITE_RECURSION = YES;
				CLANG_WARN_INT_CONVERSION = YES;
				CLANG_WARN_NON_LITERAL_NULL_CONVERSION = YES;
				CLANG_WARN_OBJC_IMPLICIT_RETAIN_SELF = YES;
				CLANG_WARN_OBJC_LITERAL_CONVERSION = YES;
				CLANG_WARN_OBJC_ROOT_CLASS = YES_ERROR;
				CLANG_WARN_QUOTED_INCLUDE_IN_FRAMEWORK_HEADER = YES;
				CLANG_WARN_RANGE_LOOP_ANALYSIS = YES;
				CLANG_WARN_STRICT_PROTOTYPES = YES;
				CLANG_WARN_SUSPICIOUS_MOVE = YES;
				CLANG_WARN_UNGUARDED_AVAILABILITY = YES_AGGRESSIVE;
				CLANG_WARN_UNREACHABLE_CODE = YES;
				CLANG_WARN__DUPLICATE_METHOD_MATCH = YES;
				COPY_PHASE_STRIP = NO;
				DEBUG_INFORMATION_FORMAT = dwarf;
				ENABLE_STRICT_OBJC_MSGSEND = YES;
				ENABLE_TESTABILITY = YES;
				ENABLE_USER_SCRIPT_SANDBOXING = YES;
				GCC_C_LANGUAGE_STANDARD = gnu11;
				GCC_DYNAMIC_NO_PIC = NO;
				GCC_NO_COMMON_BLOCKS = YES;
				GCC_OPTIMIZATION_LEVEL = 0;
				GCC_PREPROCESSOR_DEFINITIONS = (
					"DEBUG=1",
					"$(inherited)",
				);
				GCC_WARN_64_TO_32_BIT_CONVERSION = YES;
				GCC_WARN_ABOUT_RETURN_TYPE = YES_ERROR;
				GCC_WARN_UNDECLARED_SELECTOR = YES;
				GCC_WARN_UNINITIALIZED_AUTOS = YES_AGGRESSIVE;
				GCC_WARN_UNUSED_FUNCTION = YES;
				GCC_WARN_UNUSED_VARIABLE = YES;
				IPHONEOS_DEPLOYMENT_TARGET = 17.0;
				MTL_ENABLE_DEBUG_INFO = INCLUDE_SOURCE;
				MTL_FAST_MATH = YES;
				ONLY_ACTIVE_ARCH = YES;
				SDKROOT = iphoneos;
				SWIFT_ACTIVE_COMPILATION_CONDITIONS = DEBUG;
				SWIFT_OPTIMIZATION_LEVEL = "-Onone";
			};
			name = Debug;
		};
		E91AFA1D283FD0A10024131D /* Release */ = {
			isa = XCBuildConfiguration;
			buildSettings = {
				ALWAYS_SEARCH_USER_PATHS = NO;
				ASSETCATALOG_COMPILER_GENERATE_SWIFT_ASSET_SYMBOL_EXTENSIONS = YES;
				CLANG_ANALYZER_NONNULL = YES;
				CLANG_ANALYZER_NUMBER_OBJECT_CONVERSION = YES_AGGRESSIVE;
				CLANG_CXX_LANGUAGE_STANDARD = "gnu++17";
				CLANG_ENABLE_MODULES = YES;
				CLANG_ENABLE_OBJC_ARC = YES;
				CLANG_ENABLE_OBJC_WEAK = YES;
				CLANG_WARN_BLOCK_CAPTURE_AUTORELEASING = YES;
				CLANG_WARN_BOOL_CONVERSION = YES;
				CLANG_WARN_COMMA = YES;
				CLANG_WARN_CONSTANT_CONVERSION = YES;
				CLANG_WARN_DEPRECATED_OBJC_IMPLEMENTATIONS = YES;
				CLANG_WARN_DIRECT_OBJC_ISA_USAGE = YES_ERROR;
				CLANG_WARN_DOCUMENTATION_COMMENTS = YES;
				CLANG_WARN_EMPTY_BODY = YES;
				CLANG_WARN_ENUM_CONVERSION = YES;
				CLANG_WARN_INFINITE_RECURSION = YES;
				CLANG_WARN_INT_CONVERSION = YES;
				CLANG_WARN_NON_LITERAL_NULL_CONVERSION = YES;
				CLANG_WARN_OBJC_IMPLICIT_RETAIN_SELF = YES;
				CLANG_WARN_OBJC_LITERAL_CONVERSION = YES;
				CLANG_WARN_OBJC_ROOT_CLASS = YES_ERROR;
				CLANG_WARN_QUOTED_INCLUDE_IN_FRAMEWORK_HEADER = YES;
				CLANG_WARN_RANGE_LOOP_ANALYSIS = YES;
				CLANG_WARN_STRICT_PROTOTYPES = YES;
				CLANG_WARN_SUSPICIOUS_MOVE = YES;
				CLANG_WARN_UNGUARDED_AVAILABILITY = YES_AGGRESSIVE;
				CLANG_WARN_UNREACHABLE_CODE = YES;
				CLANG_WARN__DUPLICATE_METHOD_MATCH = YES;
				COPY_PHASE_STRIP = NO;
				DEBUG_INFORMATION_FORMAT = "dwarf-with-dsym";
				ENABLE_NS_ASSERTIONS = NO;
				ENABLE_STRICT_OBJC_MSGSEND = YES;
				ENABLE_USER_SCRIPT_SANDBOXING = YES;
				GCC_C_LANGUAGE_STANDARD = gnu11;
				GCC_NO_COMMON_BLOCKS = YES;
				GCC_WARN_64_TO_32_BIT_CONVERSION = YES;
				GCC_WARN_ABOUT_RETURN_TYPE = YES_ERROR;
				GCC_WARN_UNDECLARED_SELECTOR = YES;
				GCC_WARN_UNINITIALIZED_AUTOS = YES_AGGRESSIVE;
				GCC_WARN_UNUSED_FUNCTION = YES;
				GCC_WARN_UNUSED_VARIABLE = YES;
				IPHONEOS_DEPLOYMENT_TARGET = 17.0;
				MTL_ENABLE_DEBUG_INFO = NO;
				MTL_FAST_MATH = YES;
				ONLY_ACTIVE_ARCH = NO;
				SDKROOT = iphoneos;
				SWIFT_COMPILATION_MODE = wholemodule;
				SWIFT_OPTIMIZATION_LEVEL = "-O";
				VALIDATE_PRODUCT = YES;
			};
			name = Release;
		};
		E91AFA1F283FD0A10024131D /* Debug */ = {
			isa = XCBuildConfiguration;
			buildSettings = {
				ASSETCATALOG_COMPILER_APPICON_NAME = AppIcon;
				ASSETCATALOG_COMPILER_GLOBAL_ACCENT_COLOR_NAME = AccentColor;
				ASSETCATALOG_COMPILER_INCLUDE_ALL_APPICON_ASSETS = NO;
				CODE_SIGN_ENTITLEMENTS = Logbook/Logbook.entitlements;
				CODE_SIGN_IDENTITY = "Apple Development";
				CODE_SIGN_STYLE = Automatic;
				CURRENT_PROJECT_VERSION = 1;
				DEVELOPMENT_ASSET_PATHS = "\"Logbook/Preview Content\"";
				DEVELOPMENT_TEAM = 3JWUJEGD2M;
				ENABLE_PREVIEWS = YES;
				GENERATE_INFOPLIST_FILE = YES;
				INFOPLIST_FILE = Logbook/Info.plist;
				INFOPLIST_KEY_CFBundleDisplayName = Fahrtenbuch;
				INFOPLIST_KEY_LSApplicationCategoryType = "public.app-category.travel";
				INFOPLIST_KEY_NSLocationWhenInUseUsageDescription = "When in use";
				INFOPLIST_KEY_UIApplicationSceneManifest_Generation = YES;
				INFOPLIST_KEY_UIApplicationSupportsIndirectInputEvents = YES;
				INFOPLIST_KEY_UILaunchScreen_Generation = YES;
				INFOPLIST_KEY_UIStatusBarStyle = "";
				INFOPLIST_KEY_UISupportedInterfaceOrientations = UIInterfaceOrientationPortrait;
				INFOPLIST_KEY_UISupportedInterfaceOrientations_iPad = "UIInterfaceOrientationLandscapeLeft UIInterfaceOrientationLandscapeRight UIInterfaceOrientationPortrait UIInterfaceOrientationPortraitUpsideDown";
				IPHONEOS_DEPLOYMENT_TARGET = 17.0;
				LD_RUNPATH_SEARCH_PATHS = (
					"$(inherited)",
					"@executable_path/Frameworks",
				);
				MARKETING_VERSION = 2.5;
				OTHER_LDFLAGS = "";
				PRODUCT_BUNDLE_IDENTIFIER = de.Thomas.Logbook;
				PRODUCT_NAME = "$(TARGET_NAME)";
				PROVISIONING_PROFILE_SPECIFIER = "";
				SUPPORTED_PLATFORMS = "iphoneos iphonesimulator";
				SUPPORTS_MACCATALYST = NO;
				SUPPORTS_MAC_DESIGNED_FOR_IPHONE_IPAD = NO;
				SUPPORTS_XR_DESIGNED_FOR_IPHONE_IPAD = NO;
				SWIFT_EMIT_LOC_STRINGS = YES;
				SWIFT_VERSION = 5.0;
				TARGETED_DEVICE_FAMILY = "1,2";
			};
			name = Debug;
		};
		E91AFA20283FD0A10024131D /* Release */ = {
			isa = XCBuildConfiguration;
			buildSettings = {
				ASSETCATALOG_COMPILER_APPICON_NAME = AppIcon;
				ASSETCATALOG_COMPILER_GLOBAL_ACCENT_COLOR_NAME = AccentColor;
				ASSETCATALOG_COMPILER_INCLUDE_ALL_APPICON_ASSETS = NO;
				CODE_SIGN_ENTITLEMENTS = Logbook/LogbookRelease.entitlements;
				CODE_SIGN_IDENTITY = "Apple Development";
				CODE_SIGN_STYLE = Automatic;
				CURRENT_PROJECT_VERSION = 1;
				DEVELOPMENT_ASSET_PATHS = "\"Logbook/Preview Content\"";
				DEVELOPMENT_TEAM = 3JWUJEGD2M;
				ENABLE_PREVIEWS = YES;
				GENERATE_INFOPLIST_FILE = YES;
				INFOPLIST_FILE = Logbook/Info.plist;
				INFOPLIST_KEY_CFBundleDisplayName = Fahrtenbuch;
				INFOPLIST_KEY_LSApplicationCategoryType = "public.app-category.travel";
				INFOPLIST_KEY_NSLocationWhenInUseUsageDescription = "When in use";
				INFOPLIST_KEY_UIApplicationSceneManifest_Generation = YES;
				INFOPLIST_KEY_UIApplicationSupportsIndirectInputEvents = YES;
				INFOPLIST_KEY_UILaunchScreen_Generation = YES;
				INFOPLIST_KEY_UIStatusBarStyle = "";
				INFOPLIST_KEY_UISupportedInterfaceOrientations = UIInterfaceOrientationPortrait;
				INFOPLIST_KEY_UISupportedInterfaceOrientations_iPad = "UIInterfaceOrientationLandscapeLeft UIInterfaceOrientationLandscapeRight UIInterfaceOrientationPortrait UIInterfaceOrientationPortraitUpsideDown";
				IPHONEOS_DEPLOYMENT_TARGET = 17.0;
				LD_RUNPATH_SEARCH_PATHS = (
					"$(inherited)",
					"@executable_path/Frameworks",
				);
				MARKETING_VERSION = 2.5;
				PRODUCT_BUNDLE_IDENTIFIER = de.Thomas.Logbook;
				PRODUCT_NAME = "$(TARGET_NAME)";
				PROVISIONING_PROFILE_SPECIFIER = "";
				SUPPORTED_PLATFORMS = "iphoneos iphonesimulator";
				SUPPORTS_MACCATALYST = NO;
				SUPPORTS_MAC_DESIGNED_FOR_IPHONE_IPAD = NO;
				SUPPORTS_XR_DESIGNED_FOR_IPHONE_IPAD = NO;
				SWIFT_EMIT_LOC_STRINGS = YES;
				SWIFT_VERSION = 5.0;
				TARGETED_DEVICE_FAMILY = "1,2";
			};
			name = Release;
		};
/* End XCBuildConfiguration section */

/* Begin XCConfigurationList section */
		E91AFA06283FD09F0024131D /* Build configuration list for PBXProject "Logbook" */ = {
			isa = XCConfigurationList;
			buildConfigurations = (
				E91AFA1C283FD0A10024131D /* Debug */,
				E91AFA1D283FD0A10024131D /* Release */,
			);
			defaultConfigurationIsVisible = 0;
			defaultConfigurationName = Release;
		};
		E91AFA1E283FD0A10024131D /* Build configuration list for PBXNativeTarget "Logbook" */ = {
			isa = XCConfigurationList;
			buildConfigurations = (
				E91AFA1F283FD0A10024131D /* Debug */,
				E91AFA20283FD0A10024131D /* Release */,
			);
			defaultConfigurationIsVisible = 0;
			defaultConfigurationName = Release;
		};
/* End XCConfigurationList section */

/* Begin XCRemoteSwiftPackageReference section */
		E908C1992B82660D0009C954 /* XCRemoteSwiftPackageReference "swiftui-introspect" */ = {
			isa = XCRemoteSwiftPackageReference;
			repositoryURL = "https://github.com/siteline/swiftui-introspect";
			requirement = {
				kind = upToNextMajorVersion;
				minimumVersion = 1.1.2;
			};
		};
		E91AFA21283FD0D60024131D /* XCRemoteSwiftPackageReference "Alamofire" */ = {
			isa = XCRemoteSwiftPackageReference;
			repositoryURL = "https://github.com/Alamofire/Alamofire.git";
			requirement = {
				branch = master;
				kind = branch;
			};
		};
		E91AFA37283FE8B10024131D /* XCRemoteSwiftPackageReference "SwiftUI-Extensions" */ = {
			isa = XCRemoteSwiftPackageReference;
			repositoryURL = "https://github.com/derech1e/SwiftUI-Extensions.git";
			requirement = {
				branch = main;
				kind = branch;
			};
		};
		E93872A9286394670009F0F1 /* XCRemoteSwiftPackageReference "SwiftDate" */ = {
			isa = XCRemoteSwiftPackageReference;
			repositoryURL = "https://github.com/malcommac/SwiftDate.git";
			requirement = {
				branch = master;
				kind = branch;
			};
		};
		E93F33A82B4497BA00978042 /* XCRemoteSwiftPackageReference "AlertKit" */ = {
			isa = XCRemoteSwiftPackageReference;
			repositoryURL = "https://github.com/sparrowcode/AlertKit";
			requirement = {
				kind = upToNextMajorVersion;
				minimumVersion = 5.1.8;
			};
		};
		E95862B7287B0D990017F2BA /* XCRemoteSwiftPackageReference "SwiftLocationWHeading" */ = {
			isa = XCRemoteSwiftPackageReference;
			repositoryURL = "https://github.com/derech1e/SwiftLocationWHeading";
			requirement = {
				branch = main;
				kind = branch;
			};
		};
/* End XCRemoteSwiftPackageReference section */

/* Begin XCSwiftPackageProductDependency section */
		E908C19A2B82660D0009C954 /* SwiftUIIntrospect */ = {
			isa = XCSwiftPackageProductDependency;
			package = E908C1992B82660D0009C954 /* XCRemoteSwiftPackageReference "swiftui-introspect" */;
			productName = SwiftUIIntrospect;
		};
		E908C19E2B82660D0009C954 /* SwiftUIIntrospect-Static */ = {
			isa = XCSwiftPackageProductDependency;
			package = E908C1992B82660D0009C954 /* XCRemoteSwiftPackageReference "swiftui-introspect" */;
			productName = "SwiftUIIntrospect-Static";
		};
		E91AFA22283FD0D60024131D /* Alamofire */ = {
			isa = XCSwiftPackageProductDependency;
			package = E91AFA21283FD0D60024131D /* XCRemoteSwiftPackageReference "Alamofire" */;
			productName = Alamofire;
		};
		E91AFA38283FE8B10024131D /* SwiftUI Extensions */ = {
			isa = XCSwiftPackageProductDependency;
			package = E91AFA37283FE8B10024131D /* XCRemoteSwiftPackageReference "SwiftUI-Extensions" */;
			productName = "SwiftUI Extensions";
		};
		E93872AA286394670009F0F1 /* SwiftDate */ = {
			isa = XCSwiftPackageProductDependency;
			package = E93872A9286394670009F0F1 /* XCRemoteSwiftPackageReference "SwiftDate" */;
			productName = SwiftDate;
		};
		E93F33A92B4497BA00978042 /* AlertKit */ = {
			isa = XCSwiftPackageProductDependency;
			package = E93F33A82B4497BA00978042 /* XCRemoteSwiftPackageReference "AlertKit" */;
			productName = AlertKit;
		};
		E95862B8287B0D990017F2BA /* SwiftLocation */ = {
			isa = XCSwiftPackageProductDependency;
			package = E95862B7287B0D990017F2BA /* XCRemoteSwiftPackageReference "SwiftLocationWHeading" */;
			productName = SwiftLocation;
		};
/* End XCSwiftPackageProductDependency section */
	};
	rootObject = E91AFA03283FD09F0024131D /* Project object */;
}
